// !$*UTF8*$!
{
	archiveVersion = 1;
	classes = {
	};
	objectVersion = 46;
	objects = {

/* Begin PBXBuildFile section */
		68551E6CF0BF93CECF16DB9E /* Pods.framework in Frameworks */ = {isa = PBXBuildFile; fileRef = D77FE0166D1735B9290ACD65 /* Pods.framework */; settings = {ATTRIBUTES = (Weak, ); }; };
		B0CCFEA4F2910304EE9341B2 /* Pods.framework in Frameworks */ = {isa = PBXBuildFile; fileRef = D77FE0166D1735B9290ACD65 /* Pods.framework */; settings = {ATTRIBUTES = (Weak, ); }; };
		D4CA7DAE1B32C74800C09F74 /* URLConstants.swift in Sources */ = {isa = PBXBuildFile; fileRef = D4CA7DAD1B32C74800C09F74 /* URLConstants.swift */; };
		ED0A770A1B34560600267191 /* LabelTableViewCell.swift in Sources */ = {isa = PBXBuildFile; fileRef = ED0A77091B34560600267191 /* LabelTableViewCell.swift */; };
		ED0BC5911B305D720060FC84 /* AppDelegate.swift in Sources */ = {isa = PBXBuildFile; fileRef = ED0BC5901B305D720060FC84 /* AppDelegate.swift */; };
		ED0BC5961B305D720060FC84 /* Main.storyboard in Resources */ = {isa = PBXBuildFile; fileRef = ED0BC5941B305D720060FC84 /* Main.storyboard */; };
		ED0BC5981B305D720060FC84 /* Images.xcassets in Resources */ = {isa = PBXBuildFile; fileRef = ED0BC5971B305D720060FC84 /* Images.xcassets */; };
		ED0BC59B1B305D720060FC84 /* LaunchScreen.xib in Resources */ = {isa = PBXBuildFile; fileRef = ED0BC5991B305D720060FC84 /* LaunchScreen.xib */; };
		ED0BC5A71B305D720060FC84 /* codeforlife_iosTests.swift in Sources */ = {isa = PBXBuildFile; fileRef = ED0BC5A61B305D720060FC84 /* codeforlife_iosTests.swift */; };
		ED0BC5B31B3062E60060FC84 /* GameViewController.swift in Sources */ = {isa = PBXBuildFile; fileRef = ED0BC5B21B3062E60060FC84 /* GameViewController.swift */; };
		ED1EB0671B32C09800A595EF /* Action.swift in Sources */ = {isa = PBXBuildFile; fileRef = ED1EB0631B32C09800A595EF /* Action.swift */; };
		ED1EB06B1B32CF7700A595EF /* LevelTableViewController.swift in Sources */ = {isa = PBXBuildFile; fileRef = ED1EB06A1B32CF7700A595EF /* LevelTableViewController.swift */; };
		ED1EB06F1B3314C900A595EF /* ActionDelegate.swift in Sources */ = {isa = PBXBuildFile; fileRef = ED1EB06E1B3314C900A595EF /* ActionDelegate.swift */; };
		ED1EB0711B331A2800A595EF /* FetchLevelsAction.swift in Sources */ = {isa = PBXBuildFile; fileRef = ED1EB0701B331A2800A595EF /* FetchLevelsAction.swift */; };
		ED1EB0731B331B7100A595EF /* FetchLevelsActionMockDelegate.swift in Sources */ = {isa = PBXBuildFile; fileRef = ED1EB0721B331B7100A595EF /* FetchLevelsActionMockDelegate.swift */; };
		ED1EB0751B331C7100A595EF /* APIActionDelegate.swift in Sources */ = {isa = PBXBuildFile; fileRef = ED1EB0741B331C7100A595EF /* APIActionDelegate.swift */; };
		ED236EA01B34161D00B63380 /* GVJavaScriptCommand.swift in Sources */ = {isa = PBXBuildFile; fileRef = ED236E9F1B34161D00B63380 /* GVJavaScriptCommand.swift */; };
		ED236EA41B341E9F00B63380 /* GameViewCommand.swift in Sources */ = {isa = PBXBuildFile; fileRef = ED236EA31B341E9F00B63380 /* GameViewCommand.swift */; };
		ED6F79881B3D46CF00DD2AFE /* GameMenuView.swift in Sources */ = {isa = PBXBuildFile; fileRef = ED6F79871B3D46CF00DD2AFE /* GameMenuView.swift */; };
		ED6F798A1B3D565B00DD2AFE /* HelpMessageViewController.swift in Sources */ = {isa = PBXBuildFile; fileRef = ED6F79891B3D565B00DD2AFE /* HelpMessageViewController.swift */; };
		ED6F798F1B3D5A0E00DD2AFE /* HelpMessageViewController.swift in Sources */ = {isa = PBXBuildFile; fileRef = ED6F79891B3D565B00DD2AFE /* HelpMessageViewController.swift */; };
		ED6F79911B3D7D9200DD2AFE /* DirectDriveButton.swift in Sources */ = {isa = PBXBuildFile; fileRef = ED6F79901B3D7D9200DD2AFE /* DirectDriveButton.swift */; };
		ED6F79921B3D7DD400DD2AFE /* DirectDriveButton.swift in Sources */ = {isa = PBXBuildFile; fileRef = ED6F79901B3D7D9200DD2AFE /* DirectDriveButton.swift */; };
		ED6F79941B3D866F00DD2AFE /* Message.swift in Sources */ = {isa = PBXBuildFile; fileRef = ED6F79931B3D866F00DD2AFE /* Message.swift */; };
		ED6F79951B3D875E00DD2AFE /* Message.swift in Sources */ = {isa = PBXBuildFile; fileRef = ED6F79931B3D866F00DD2AFE /* Message.swift */; };
		ED6F79971B3D9DF000DD2AFE /* HelpMessage.swift in Sources */ = {isa = PBXBuildFile; fileRef = ED6F79961B3D9DF000DD2AFE /* HelpMessage.swift */; };
		ED6F79991B3D9F1D00DD2AFE /* GameMessage.swift in Sources */ = {isa = PBXBuildFile; fileRef = ED6F79981B3D9F1D00DD2AFE /* GameMessage.swift */; };
		ED6F799A1B3DA10700DD2AFE /* HelpMessage.swift in Sources */ = {isa = PBXBuildFile; fileRef = ED6F79961B3D9DF000DD2AFE /* HelpMessage.swift */; };
		ED6F799B1B3DA10C00DD2AFE /* GameMessage.swift in Sources */ = {isa = PBXBuildFile; fileRef = ED6F79981B3D9F1D00DD2AFE /* GameMessage.swift */; };
		ED6F799C1B3DB34900DD2AFE /* GameMenuView.swift in Sources */ = {isa = PBXBuildFile; fileRef = ED6F79871B3D46CF00DD2AFE /* GameMenuView.swift */; };
		EDAEFBAB1B384EE9003398EE /* GameViewInteractionHandler.swift in Sources */ = {isa = PBXBuildFile; fileRef = EDAEFBAA1B384EE9003398EE /* GameViewInteractionHandler.swift */; };
		EDAEFBAD1B39934F003398EE /* VehicleController.swift in Sources */ = {isa = PBXBuildFile; fileRef = EDAEFBAC1B39934F003398EE /* VehicleController.swift */; };
		EDBB666A1B3AA018009020A5 /* LabelViewControllerTests.swift in Sources */ = {isa = PBXBuildFile; fileRef = EDBB66691B3AA018009020A5 /* LabelViewControllerTests.swift */; };
		EDBB666B1B3AA029009020A5 /* LevelTableViewController.swift in Sources */ = {isa = PBXBuildFile; fileRef = ED1EB06A1B32CF7700A595EF /* LevelTableViewController.swift */; };
		EDBB666C1B3AA06A009020A5 /* URLConstants.swift in Sources */ = {isa = PBXBuildFile; fileRef = D4CA7DAD1B32C74800C09F74 /* URLConstants.swift */; };
		EDBB666D1B3AA06A009020A5 /* ColorConstants.swift in Sources */ = {isa = PBXBuildFile; fileRef = EDC8C1F21B36A25F004B1358 /* ColorConstants.swift */; };
		EDBB666E1B3AA06E009020A5 /* Action.swift in Sources */ = {isa = PBXBuildFile; fileRef = ED1EB0631B32C09800A595EF /* Action.swift */; };
		EDBB666F1B3AA06E009020A5 /* ActionDelegate.swift in Sources */ = {isa = PBXBuildFile; fileRef = ED1EB06E1B3314C900A595EF /* ActionDelegate.swift */; };
		EDBB66701B3AA06E009020A5 /* FetchLevelsAction.swift in Sources */ = {isa = PBXBuildFile; fileRef = ED1EB0701B331A2800A595EF /* FetchLevelsAction.swift */; };
		EDBB66711B3AA072009020A5 /* FetchLevelsActionMockDelegate.swift in Sources */ = {isa = PBXBuildFile; fileRef = ED1EB0721B331B7100A595EF /* FetchLevelsActionMockDelegate.swift */; };
		EDBB66721B3AA076009020A5 /* APIActionDelegate.swift in Sources */ = {isa = PBXBuildFile; fileRef = ED1EB0741B331C7100A595EF /* APIActionDelegate.swift */; };
		EDBB66731B3AA07A009020A5 /* GameViewCommandFactory.swift in Sources */ = {isa = PBXBuildFile; fileRef = EDC8C1F41B381213004B1358 /* GameViewCommandFactory.swift */; };
		EDBB66741B3AA07A009020A5 /* GameViewCommand.swift in Sources */ = {isa = PBXBuildFile; fileRef = ED236EA31B341E9F00B63380 /* GameViewCommand.swift */; };
		EDBB66751B3AA07A009020A5 /* GVJavaScriptCommand.swift in Sources */ = {isa = PBXBuildFile; fileRef = ED236E9F1B34161D00B63380 /* GVJavaScriptCommand.swift */; };
		EDBB66761B3AA07A009020A5 /* GVLoadLevelCommand.swift in Sources */ = {isa = PBXBuildFile; fileRef = EF41E082E4588ED15570D506 /* GVLoadLevelCommand.swift */; };
		EDBB66771B3AA07E009020A5 /* Level.swift in Sources */ = {isa = PBXBuildFile; fileRef = EF41E7F0402D1DF38E4BA7F2 /* Level.swift */; };
		EDBB66781B3AA07E009020A5 /* LevelSection.swift in Sources */ = {isa = PBXBuildFile; fileRef = EDC8C1EB1B35BA29004B1358 /* LevelSection.swift */; };
		EDBB66791B3AA07E009020A5 /* Levels.swift in Sources */ = {isa = PBXBuildFile; fileRef = EDC8C1E71B35A32A004B1358 /* Levels.swift */; };
		EDBB667A1B3AA07E009020A5 /* GameViewInteractionHandler.swift in Sources */ = {isa = PBXBuildFile; fileRef = EDAEFBAA1B384EE9003398EE /* GameViewInteractionHandler.swift */; };
		EDBB667B1B3AA07E009020A5 /* VehicleController.swift in Sources */ = {isa = PBXBuildFile; fileRef = EDAEFBAC1B39934F003398EE /* VehicleController.swift */; };
		EDBB667D1B3AA16D009020A5 /* GameViewController.swift in Sources */ = {isa = PBXBuildFile; fileRef = ED0BC5B21B3062E60060FC84 /* GameViewController.swift */; };
		EDBB667E1B3AA18F009020A5 /* LabelTableViewCell.swift in Sources */ = {isa = PBXBuildFile; fileRef = ED0A77091B34560600267191 /* LabelTableViewCell.swift */; };
		EDBB667F1B3AA18F009020A5 /* GameViewButton.swift in Sources */ = {isa = PBXBuildFile; fileRef = EDC8C1F01B369D3C004B1358 /* GameViewButton.swift */; };
		EDBB66821B3AB36C009020A5 /* GameViewControllerTests.swift in Sources */ = {isa = PBXBuildFile; fileRef = EDBB66811B3AB36C009020A5 /* GameViewControllerTests.swift */; };
		EDBB668D1B3AEEFC009020A5 /* DirectDriveViewController.swift in Sources */ = {isa = PBXBuildFile; fileRef = EDBB668C1B3AEEFC009020A5 /* DirectDriveViewController.swift */; };
		EDBB668E1B3AF135009020A5 /* DirectDriveViewController.swift in Sources */ = {isa = PBXBuildFile; fileRef = EDBB668C1B3AEEFC009020A5 /* DirectDriveViewController.swift */; };
		EDBB66901B3B009C009020A5 /* GameMenuViewController.swift in Sources */ = {isa = PBXBuildFile; fileRef = EDBB668F1B3B009C009020A5 /* GameMenuViewController.swift */; };
		EDBB66911B3B0103009020A5 /* GameMenuViewController.swift in Sources */ = {isa = PBXBuildFile; fileRef = EDBB668F1B3B009C009020A5 /* GameMenuViewController.swift */; };
		EDBB66951B3C0977009020A5 /* Block.swift in Sources */ = {isa = PBXBuildFile; fileRef = EDBB66941B3C0977009020A5 /* Block.swift */; };
		EDBB66971B3C0A61009020A5 /* BlockTableViewController.swift in Sources */ = {isa = PBXBuildFile; fileRef = EDBB66961B3C0A61009020A5 /* BlockTableViewController.swift */; };
		EDBB66991B3C0B34009020A5 /* BlockTableViewCell.swift in Sources */ = {isa = PBXBuildFile; fileRef = EDBB66981B3C0B34009020A5 /* BlockTableViewCell.swift */; };
		EDBB669A1B3C0DE2009020A5 /* Block.swift in Sources */ = {isa = PBXBuildFile; fileRef = EDBB66941B3C0977009020A5 /* Block.swift */; };
		EDBB669B1B3C1007009020A5 /* BlockTableViewController.swift in Sources */ = {isa = PBXBuildFile; fileRef = EDBB66961B3C0A61009020A5 /* BlockTableViewController.swift */; };
		EDBB669C1B3C1181009020A5 /* BlockTableViewCell.swift in Sources */ = {isa = PBXBuildFile; fileRef = EDBB66981B3C0B34009020A5 /* BlockTableViewCell.swift */; };
		EDC8C1E81B35A32A004B1358 /* Levels.swift in Sources */ = {isa = PBXBuildFile; fileRef = EDC8C1E71B35A32A004B1358 /* Levels.swift */; };
		EDC8C1EC1B35BA29004B1358 /* LevelSection.swift in Sources */ = {isa = PBXBuildFile; fileRef = EDC8C1EB1B35BA29004B1358 /* LevelSection.swift */; };
		EDC8C1F11B369D3C004B1358 /* GameViewButton.swift in Sources */ = {isa = PBXBuildFile; fileRef = EDC8C1F01B369D3C004B1358 /* GameViewButton.swift */; };
		EDC8C1F31B36A25F004B1358 /* ColorConstants.swift in Sources */ = {isa = PBXBuildFile; fileRef = EDC8C1F21B36A25F004B1358 /* ColorConstants.swift */; };
		EDC8C1F51B381213004B1358 /* GameViewCommandFactory.swift in Sources */ = {isa = PBXBuildFile; fileRef = EDC8C1F41B381213004B1358 /* GameViewCommandFactory.swift */; };
		EF41E0CAE26E34EA69805EB6 /* Level.swift in Sources */ = {isa = PBXBuildFile; fileRef = EF41E7F0402D1DF38E4BA7F2 /* Level.swift */; };
		EF41EA99727ABC5A5820353A /* GVLoadLevelCommand.swift in Sources */ = {isa = PBXBuildFile; fileRef = EF41E082E4588ED15570D506 /* GVLoadLevelCommand.swift */; };
/* End PBXBuildFile section */

/* Begin PBXContainerItemProxy section */
		ED0BC5A11B305D720060FC84 /* PBXContainerItemProxy */ = {
			isa = PBXContainerItemProxy;
			containerPortal = ED0BC5831B305D720060FC84 /* Project object */;
			proxyType = 1;
			remoteGlobalIDString = ED0BC58A1B305D720060FC84;
			remoteInfo = "codeforlife-ios";
		};
/* End PBXContainerItemProxy section */

/* Begin PBXFileReference section */
		7A870087E59B342A6EF1BED1 /* Pods.release.xcconfig */ = {isa = PBXFileReference; includeInIndex = 1; lastKnownFileType = text.xcconfig; name = Pods.release.xcconfig; path = "Pods/Target Support Files/Pods/Pods.release.xcconfig"; sourceTree = "<group>"; };
		D4CA7DAD1B32C74800C09F74 /* URLConstants.swift */ = {isa = PBXFileReference; fileEncoding = 4; lastKnownFileType = sourcecode.swift; path = URLConstants.swift; sourceTree = "<group>"; };
		D77FE0166D1735B9290ACD65 /* Pods.framework */ = {isa = PBXFileReference; explicitFileType = wrapper.framework; includeInIndex = 0; path = Pods.framework; sourceTree = BUILT_PRODUCTS_DIR; };
		D98E0ACB1B0824664611C8C0 /* Pods.debug.xcconfig */ = {isa = PBXFileReference; includeInIndex = 1; lastKnownFileType = text.xcconfig; name = Pods.debug.xcconfig; path = "Pods/Target Support Files/Pods/Pods.debug.xcconfig"; sourceTree = "<group>"; };
		ED0A77091B34560600267191 /* LabelTableViewCell.swift */ = {isa = PBXFileReference; fileEncoding = 4; lastKnownFileType = sourcecode.swift; path = LabelTableViewCell.swift; sourceTree = "<group>"; };
		ED0BC58B1B305D720060FC84 /* codeforlife-ios.app */ = {isa = PBXFileReference; explicitFileType = wrapper.application; includeInIndex = 0; path = "codeforlife-ios.app"; sourceTree = BUILT_PRODUCTS_DIR; };
		ED0BC58F1B305D720060FC84 /* Info.plist */ = {isa = PBXFileReference; lastKnownFileType = text.plist.xml; path = Info.plist; sourceTree = "<group>"; };
		ED0BC5901B305D720060FC84 /* AppDelegate.swift */ = {isa = PBXFileReference; lastKnownFileType = sourcecode.swift; path = AppDelegate.swift; sourceTree = "<group>"; };
		ED0BC5951B305D720060FC84 /* Base */ = {isa = PBXFileReference; lastKnownFileType = file.storyboard; name = Base; path = Base.lproj/Main.storyboard; sourceTree = "<group>"; };
		ED0BC5971B305D720060FC84 /* Images.xcassets */ = {isa = PBXFileReference; lastKnownFileType = folder.assetcatalog; path = Images.xcassets; sourceTree = "<group>"; };
		ED0BC59A1B305D720060FC84 /* Base */ = {isa = PBXFileReference; lastKnownFileType = file.xib; name = Base; path = Base.lproj/LaunchScreen.xib; sourceTree = "<group>"; };
		ED0BC5A01B305D720060FC84 /* codeforlife-iosTests.xctest */ = {isa = PBXFileReference; explicitFileType = wrapper.cfbundle; includeInIndex = 0; path = "codeforlife-iosTests.xctest"; sourceTree = BUILT_PRODUCTS_DIR; };
		ED0BC5A51B305D720060FC84 /* Info.plist */ = {isa = PBXFileReference; lastKnownFileType = text.plist.xml; path = Info.plist; sourceTree = "<group>"; };
		ED0BC5A61B305D720060FC84 /* codeforlife_iosTests.swift */ = {isa = PBXFileReference; lastKnownFileType = sourcecode.swift; path = codeforlife_iosTests.swift; sourceTree = "<group>"; };
		ED0BC5B21B3062E60060FC84 /* GameViewController.swift */ = {isa = PBXFileReference; fileEncoding = 4; lastKnownFileType = sourcecode.swift; path = GameViewController.swift; sourceTree = "<group>"; };
		ED1EB0631B32C09800A595EF /* Action.swift */ = {isa = PBXFileReference; fileEncoding = 4; lastKnownFileType = sourcecode.swift; path = Action.swift; sourceTree = "<group>"; };
		ED1EB06A1B32CF7700A595EF /* LevelTableViewController.swift */ = {isa = PBXFileReference; fileEncoding = 4; lastKnownFileType = sourcecode.swift; path = LevelTableViewController.swift; sourceTree = "<group>"; };
		ED1EB06E1B3314C900A595EF /* ActionDelegate.swift */ = {isa = PBXFileReference; fileEncoding = 4; lastKnownFileType = sourcecode.swift; path = ActionDelegate.swift; sourceTree = "<group>"; };
		ED1EB0701B331A2800A595EF /* FetchLevelsAction.swift */ = {isa = PBXFileReference; fileEncoding = 4; lastKnownFileType = sourcecode.swift; path = FetchLevelsAction.swift; sourceTree = "<group>"; };
		ED1EB0721B331B7100A595EF /* FetchLevelsActionMockDelegate.swift */ = {isa = PBXFileReference; fileEncoding = 4; lastKnownFileType = sourcecode.swift; path = FetchLevelsActionMockDelegate.swift; sourceTree = "<group>"; };
		ED1EB0741B331C7100A595EF /* APIActionDelegate.swift */ = {isa = PBXFileReference; fileEncoding = 4; lastKnownFileType = sourcecode.swift; path = APIActionDelegate.swift; sourceTree = "<group>"; };
		ED236E9F1B34161D00B63380 /* GVJavaScriptCommand.swift */ = {isa = PBXFileReference; fileEncoding = 4; lastKnownFileType = sourcecode.swift; name = GVJavaScriptCommand.swift; path = "codeforlife-ios/Models/GameViewCommands/GVJavaScriptCommand.swift"; sourceTree = SOURCE_ROOT; };
		ED236EA31B341E9F00B63380 /* GameViewCommand.swift */ = {isa = PBXFileReference; fileEncoding = 4; lastKnownFileType = sourcecode.swift; path = GameViewCommand.swift; sourceTree = "<group>"; };
		ED6F79871B3D46CF00DD2AFE /* GameMenuView.swift */ = {isa = PBXFileReference; fileEncoding = 4; lastKnownFileType = sourcecode.swift; path = GameMenuView.swift; sourceTree = "<group>"; };
		ED6F79891B3D565B00DD2AFE /* HelpMessageViewController.swift */ = {isa = PBXFileReference; fileEncoding = 4; lastKnownFileType = sourcecode.swift; path = HelpMessageViewController.swift; sourceTree = "<group>"; };
		ED6F79901B3D7D9200DD2AFE /* DirectDriveButton.swift */ = {isa = PBXFileReference; fileEncoding = 4; lastKnownFileType = sourcecode.swift; path = DirectDriveButton.swift; sourceTree = "<group>"; };
		ED6F79931B3D866F00DD2AFE /* Message.swift */ = {isa = PBXFileReference; fileEncoding = 4; lastKnownFileType = sourcecode.swift; path = Message.swift; sourceTree = "<group>"; };
		ED6F79961B3D9DF000DD2AFE /* HelpMessage.swift */ = {isa = PBXFileReference; fileEncoding = 4; lastKnownFileType = sourcecode.swift; path = HelpMessage.swift; sourceTree = "<group>"; };
		ED6F79981B3D9F1D00DD2AFE /* GameMessage.swift */ = {isa = PBXFileReference; fileEncoding = 4; lastKnownFileType = sourcecode.swift; path = GameMessage.swift; sourceTree = "<group>"; };
		EDAEFBAA1B384EE9003398EE /* GameViewInteractionHandler.swift */ = {isa = PBXFileReference; fileEncoding = 4; lastKnownFileType = sourcecode.swift; path = GameViewInteractionHandler.swift; sourceTree = "<group>"; };
		EDAEFBAC1B39934F003398EE /* VehicleController.swift */ = {isa = PBXFileReference; fileEncoding = 4; lastKnownFileType = sourcecode.swift; name = VehicleController.swift; path = "codeforlife-ios/Models/VehicleController.swift"; sourceTree = SOURCE_ROOT; };
		EDBB66691B3AA018009020A5 /* LabelViewControllerTests.swift */ = {isa = PBXFileReference; fileEncoding = 4; lastKnownFileType = sourcecode.swift; path = LabelViewControllerTests.swift; sourceTree = "<group>"; };
		EDBB66811B3AB36C009020A5 /* GameViewControllerTests.swift */ = {isa = PBXFileReference; fileEncoding = 4; lastKnownFileType = sourcecode.swift; name = GameViewControllerTests.swift; path = ../GameViewControllerTests.swift; sourceTree = "<group>"; };
		EDBB668C1B3AEEFC009020A5 /* DirectDriveViewController.swift */ = {isa = PBXFileReference; fileEncoding = 4; lastKnownFileType = sourcecode.swift; path = DirectDriveViewController.swift; sourceTree = "<group>"; };
		EDBB668F1B3B009C009020A5 /* GameMenuViewController.swift */ = {isa = PBXFileReference; fileEncoding = 4; lastKnownFileType = sourcecode.swift; path = GameMenuViewController.swift; sourceTree = "<group>"; };
		EDBB66941B3C0977009020A5 /* Block.swift */ = {isa = PBXFileReference; fileEncoding = 4; lastKnownFileType = sourcecode.swift; path = Block.swift; sourceTree = "<group>"; };
		EDBB66961B3C0A61009020A5 /* BlockTableViewController.swift */ = {isa = PBXFileReference; fileEncoding = 4; lastKnownFileType = sourcecode.swift; path = BlockTableViewController.swift; sourceTree = "<group>"; };
		EDBB66981B3C0B34009020A5 /* BlockTableViewCell.swift */ = {isa = PBXFileReference; fileEncoding = 4; lastKnownFileType = sourcecode.swift; path = BlockTableViewCell.swift; sourceTree = "<group>"; };
		EDC8C1E71B35A32A004B1358 /* Levels.swift */ = {isa = PBXFileReference; fileEncoding = 4; lastKnownFileType = sourcecode.swift; path = Levels.swift; sourceTree = "<group>"; };
		EDC8C1EB1B35BA29004B1358 /* LevelSection.swift */ = {isa = PBXFileReference; fileEncoding = 4; lastKnownFileType = sourcecode.swift; path = LevelSection.swift; sourceTree = "<group>"; };
		EDC8C1F01B369D3C004B1358 /* GameViewButton.swift */ = {isa = PBXFileReference; fileEncoding = 4; lastKnownFileType = sourcecode.swift; path = GameViewButton.swift; sourceTree = "<group>"; };
		EDC8C1F21B36A25F004B1358 /* ColorConstants.swift */ = {isa = PBXFileReference; fileEncoding = 4; lastKnownFileType = sourcecode.swift; path = ColorConstants.swift; sourceTree = "<group>"; };
		EDC8C1F41B381213004B1358 /* GameViewCommandFactory.swift */ = {isa = PBXFileReference; fileEncoding = 4; lastKnownFileType = sourcecode.swift; path = GameViewCommandFactory.swift; sourceTree = "<group>"; };
		EF41E082E4588ED15570D506 /* GVLoadLevelCommand.swift */ = {isa = PBXFileReference; fileEncoding = 4; lastKnownFileType = sourcecode.swift; path = GVLoadLevelCommand.swift; sourceTree = "<group>"; };
		EF41E7F0402D1DF38E4BA7F2 /* Level.swift */ = {isa = PBXFileReference; fileEncoding = 4; lastKnownFileType = sourcecode.swift; path = Level.swift; sourceTree = "<group>"; };
/* End PBXFileReference section */

/* Begin PBXFrameworksBuildPhase section */
		ED0BC5881B305D720060FC84 /* Frameworks */ = {
			isa = PBXFrameworksBuildPhase;
			buildActionMask = 2147483647;
			files = (
				B0CCFEA4F2910304EE9341B2 /* Pods.framework in Frameworks */,
			);
			runOnlyForDeploymentPostprocessing = 0;
		};
		ED0BC59D1B305D720060FC84 /* Frameworks */ = {
			isa = PBXFrameworksBuildPhase;
			buildActionMask = 2147483647;
			files = (
				68551E6CF0BF93CECF16DB9E /* Pods.framework in Frameworks */,
			);
			runOnlyForDeploymentPostprocessing = 0;
		};
/* End PBXFrameworksBuildPhase section */

/* Begin PBXGroup section */
		61C117FDD7A1D26AE44D9944 /* Frameworks */ = {
			isa = PBXGroup;
			children = (
				D77FE0166D1735B9290ACD65 /* Pods.framework */,
			);
			name = Frameworks;
			sourceTree = "<group>";
		};
		C2AF43A393D5AF94DEDD107C /* Pods */ = {
			isa = PBXGroup;
			children = (
				D98E0ACB1B0824664611C8C0 /* Pods.debug.xcconfig */,
				7A870087E59B342A6EF1BED1 /* Pods.release.xcconfig */,
			);
			name = Pods;
			sourceTree = "<group>";
		};
		ED0A77011B344E5900267191 /* APIDelegates */ = {
			isa = PBXGroup;
			children = (
				ED1EB0741B331C7100A595EF /* APIActionDelegate.swift */,
			);
			path = APIDelegates;
			sourceTree = "<group>";
		};
		ED0A77021B344E6800267191 /* MockDelegates */ = {
			isa = PBXGroup;
			children = (
				ED1EB0721B331B7100A595EF /* FetchLevelsActionMockDelegate.swift */,
			);
			path = MockDelegates;
			sourceTree = "<group>";
		};
		ED0A77051B34553000267191 /* Views */ = {
			isa = PBXGroup;
			children = (
				ED0A77091B34560600267191 /* LabelTableViewCell.swift */,
				EDC8C1F01B369D3C004B1358 /* GameViewButton.swift */,
				EDBB66981B3C0B34009020A5 /* BlockTableViewCell.swift */,
				ED6F79871B3D46CF00DD2AFE /* GameMenuView.swift */,
				ED6F79901B3D7D9200DD2AFE /* DirectDriveButton.swift */,
			);
			path = Views;
			sourceTree = "<group>";
		};
		ED0BC5821B305D720060FC84 = {
			isa = PBXGroup;
			children = (
				ED0BC58D1B305D720060FC84 /* codeforlife-ios */,
				ED0BC5A31B305D720060FC84 /* codeforlife-iosTests */,
				ED0BC58C1B305D720060FC84 /* Products */,
				C2AF43A393D5AF94DEDD107C /* Pods */,
				61C117FDD7A1D26AE44D9944 /* Frameworks */,
			);
			sourceTree = "<group>";
		};
		ED0BC58C1B305D720060FC84 /* Products */ = {
			isa = PBXGroup;
			children = (
				ED0BC58B1B305D720060FC84 /* codeforlife-ios.app */,
				ED0BC5A01B305D720060FC84 /* codeforlife-iosTests.xctest */,
			);
			name = Products;
			sourceTree = "<group>";
		};
		ED0BC58D1B305D720060FC84 /* codeforlife-ios */ = {
			isa = PBXGroup;
			children = (
				EDC8C1ED1B362276004B1358 /* Constants */,
				EF41E60503222496376BD198 /* Models */,
				EDFF14DE1B316EA900962C68 /* Controllers */,
				ED0A77051B34553000267191 /* Views */,
				ED0BC5901B305D720060FC84 /* AppDelegate.swift */,
				ED0BC5971B305D720060FC84 /* Images.xcassets */,
				ED0BC58F1B305D720060FC84 /* Info.plist */,
				ED0BC5991B305D720060FC84 /* LaunchScreen.xib */,
				ED0BC5941B305D720060FC84 /* Main.storyboard */,
			);
			path = "codeforlife-ios";
			sourceTree = "<group>";
		};
		ED0BC5A31B305D720060FC84 /* codeforlife-iosTests */ = {
			isa = PBXGroup;
			children = (
				ED0BC5A61B305D720060FC84 /* codeforlife_iosTests.swift */,
				EDBB66811B3AB36C009020A5 /* GameViewControllerTests.swift */,
				EDBB66691B3AA018009020A5 /* LabelViewControllerTests.swift */,
				ED0BC5A41B305D720060FC84 /* Supporting Files */,
			);
			path = "codeforlife-iosTests";
			sourceTree = "<group>";
		};
		ED0BC5A41B305D720060FC84 /* Supporting Files */ = {
			isa = PBXGroup;
			children = (
				ED0BC5A51B305D720060FC84 /* Info.plist */,
			);
			name = "Supporting Files";
			sourceTree = "<group>";
		};
		ED1EB0621B32C09800A595EF /* Actions */ = {
			isa = PBXGroup;
			children = (
				ED1EB0631B32C09800A595EF /* Action.swift */,
				ED1EB06E1B3314C900A595EF /* ActionDelegate.swift */,
				ED1EB0701B331A2800A595EF /* FetchLevelsAction.swift */,
				ED0A77021B344E6800267191 /* MockDelegates */,
				ED0A77011B344E5900267191 /* APIDelegates */,
			);
			path = Actions;
			sourceTree = "<group>";
		};
		ED236EA11B341CF800B63380 /* GameViewCommands */ = {
			isa = PBXGroup;
			children = (
				EDC8C1F41B381213004B1358 /* GameViewCommandFactory.swift */,
				ED236EA31B341E9F00B63380 /* GameViewCommand.swift */,
				ED236E9F1B34161D00B63380 /* GVJavaScriptCommand.swift */,
				EF41E082E4588ED15570D506 /* GVLoadLevelCommand.swift */,
			);
			path = GameViewCommands;
			sourceTree = "<group>";
		};
		EDC8C1ED1B362276004B1358 /* Constants */ = {
			isa = PBXGroup;
			children = (
				D4CA7DAD1B32C74800C09F74 /* URLConstants.swift */,
				EDC8C1F21B36A25F004B1358 /* ColorConstants.swift */,
			);
			path = Constants;
			sourceTree = "<group>";
		};
		EDFF14DE1B316EA900962C68 /* Controllers */ = {
			isa = PBXGroup;
			children = (
				ED0BC5B21B3062E60060FC84 /* GameViewController.swift */,
				ED1EB06A1B32CF7700A595EF /* LevelTableViewController.swift */,
				EDBB668C1B3AEEFC009020A5 /* DirectDriveViewController.swift */,
				EDBB668F1B3B009C009020A5 /* GameMenuViewController.swift */,
				EDBB66961B3C0A61009020A5 /* BlockTableViewController.swift */,
				ED6F79891B3D565B00DD2AFE /* HelpMessageViewController.swift */,
			);
			path = Controllers;
			sourceTree = "<group>";
		};
		EF41E60503222496376BD198 /* Models */ = {
			isa = PBXGroup;
			children = (
				EDBB66941B3C0977009020A5 /* Block.swift */,
				EDC8C1E71B35A32A004B1358 /* Levels.swift */,
				EF41E7F0402D1DF38E4BA7F2 /* Level.swift */,
				EDC8C1EB1B35BA29004B1358 /* LevelSection.swift */,
				EDAEFBAC1B39934F003398EE /* VehicleController.swift */,
				EDAEFBAA1B384EE9003398EE /* GameViewInteractionHandler.swift */,
				ED6F79961B3D9DF000DD2AFE /* HelpMessage.swift */,
				ED6F79981B3D9F1D00DD2AFE /* GameMessage.swift */,
				ED6F79931B3D866F00DD2AFE /* Message.swift */,
				ED1EB0621B32C09800A595EF /* Actions */,
				ED236EA11B341CF800B63380 /* GameViewCommands */,
			);
			path = Models;
			sourceTree = "<group>";
		};
/* End PBXGroup section */

/* Begin PBXNativeTarget section */
		ED0BC58A1B305D720060FC84 /* codeforlife-ios */ = {
			isa = PBXNativeTarget;
			buildConfigurationList = ED0BC5AA1B305D720060FC84 /* Build configuration list for PBXNativeTarget "codeforlife-ios" */;
			buildPhases = (
				228301655C29CD40002A4D48 /* Check Pods Manifest.lock */,
				ED0BC5871B305D720060FC84 /* Sources */,
				ED0BC5881B305D720060FC84 /* Frameworks */,
				ED0BC5891B305D720060FC84 /* Resources */,
				6B0A2E8A54BBF6754D40DF7C /* Embed Pods Frameworks */,
				BAA1180D204418E4679A6A4F /* Copy Pods Resources */,
			);
			buildRules = (
			);
			dependencies = (
			);
			name = "codeforlife-ios";
			productName = "codeforlife-ios";
			productReference = ED0BC58B1B305D720060FC84 /* codeforlife-ios.app */;
			productType = "com.apple.product-type.application";
		};
		ED0BC59F1B305D720060FC84 /* codeforlife-iosTests */ = {
			isa = PBXNativeTarget;
			buildConfigurationList = ED0BC5AD1B305D720060FC84 /* Build configuration list for PBXNativeTarget "codeforlife-iosTests" */;
			buildPhases = (
				CF930301A445C012281422BE /* Check Pods Manifest.lock */,
				ED0BC59C1B305D720060FC84 /* Sources */,
				ED0BC59D1B305D720060FC84 /* Frameworks */,
				ED0BC59E1B305D720060FC84 /* Resources */,
				BCA94195FE6DB8B3A167CCB7 /* Embed Pods Frameworks */,
				DEE212389A5F6A19A8B06654 /* Copy Pods Resources */,
			);
			buildRules = (
			);
			dependencies = (
				ED0BC5A21B305D720060FC84 /* PBXTargetDependency */,
			);
			name = "codeforlife-iosTests";
			productName = "codeforlife-iosTests";
			productReference = ED0BC5A01B305D720060FC84 /* codeforlife-iosTests.xctest */;
			productType = "com.apple.product-type.bundle.unit-test";
		};
/* End PBXNativeTarget section */

/* Begin PBXProject section */
		ED0BC5831B305D720060FC84 /* Project object */ = {
			isa = PBXProject;
			attributes = {
				LastUpgradeCheck = 0630;
				ORGANIZATIONNAME = "Joey Chan";
				TargetAttributes = {
					ED0BC58A1B305D720060FC84 = {
						CreatedOnToolsVersion = 6.3.2;
						DevelopmentTeam = N7ZF4N38C3;
					};
					ED0BC59F1B305D720060FC84 = {
						CreatedOnToolsVersion = 6.3.2;
						TestTargetID = ED0BC58A1B305D720060FC84;
					};
				};
			};
			buildConfigurationList = ED0BC5861B305D720060FC84 /* Build configuration list for PBXProject "codeforlife-ios" */;
			compatibilityVersion = "Xcode 3.2";
			developmentRegion = English;
			hasScannedForEncodings = 0;
			knownRegions = (
				en,
				Base,
			);
			mainGroup = ED0BC5821B305D720060FC84;
			productRefGroup = ED0BC58C1B305D720060FC84 /* Products */;
			projectDirPath = "";
			projectRoot = "";
			targets = (
				ED0BC58A1B305D720060FC84 /* codeforlife-ios */,
				ED0BC59F1B305D720060FC84 /* codeforlife-iosTests */,
			);
		};
/* End PBXProject section */

/* Begin PBXResourcesBuildPhase section */
		ED0BC5891B305D720060FC84 /* Resources */ = {
			isa = PBXResourcesBuildPhase;
			buildActionMask = 2147483647;
			files = (
				ED0BC5961B305D720060FC84 /* Main.storyboard in Resources */,
				ED0BC59B1B305D720060FC84 /* LaunchScreen.xib in Resources */,
				ED0BC5981B305D720060FC84 /* Images.xcassets in Resources */,
			);
			runOnlyForDeploymentPostprocessing = 0;
		};
		ED0BC59E1B305D720060FC84 /* Resources */ = {
			isa = PBXResourcesBuildPhase;
			buildActionMask = 2147483647;
			files = (
			);
			runOnlyForDeploymentPostprocessing = 0;
		};
/* End PBXResourcesBuildPhase section */

/* Begin PBXShellScriptBuildPhase section */
		228301655C29CD40002A4D48 /* Check Pods Manifest.lock */ = {
			isa = PBXShellScriptBuildPhase;
			buildActionMask = 2147483647;
			files = (
			);
			inputPaths = (
			);
			name = "Check Pods Manifest.lock";
			outputPaths = (
			);
			runOnlyForDeploymentPostprocessing = 0;
			shellPath = /bin/sh;
			shellScript = "diff \"${PODS_ROOT}/../Podfile.lock\" \"${PODS_ROOT}/Manifest.lock\" > /dev/null\nif [[ $? != 0 ]] ; then\n    cat << EOM\nerror: The sandbox is not in sync with the Podfile.lock. Run 'pod install' or update your CocoaPods installation.\nEOM\n    exit 1\nfi\n";
			showEnvVarsInLog = 0;
		};
		6B0A2E8A54BBF6754D40DF7C /* Embed Pods Frameworks */ = {
			isa = PBXShellScriptBuildPhase;
			buildActionMask = 2147483647;
			files = (
			);
			inputPaths = (
			);
			name = "Embed Pods Frameworks";
			outputPaths = (
			);
			runOnlyForDeploymentPostprocessing = 0;
			shellPath = /bin/sh;
			shellScript = "\"${SRCROOT}/Pods/Target Support Files/Pods/Pods-frameworks.sh\"\n";
			showEnvVarsInLog = 0;
		};
		BAA1180D204418E4679A6A4F /* Copy Pods Resources */ = {
			isa = PBXShellScriptBuildPhase;
			buildActionMask = 2147483647;
			files = (
			);
			inputPaths = (
			);
			name = "Copy Pods Resources";
			outputPaths = (
			);
			runOnlyForDeploymentPostprocessing = 0;
			shellPath = /bin/sh;
			shellScript = "\"${SRCROOT}/Pods/Target Support Files/Pods/Pods-resources.sh\"\n";
			showEnvVarsInLog = 0;
		};
		BCA94195FE6DB8B3A167CCB7 /* Embed Pods Frameworks */ = {
			isa = PBXShellScriptBuildPhase;
			buildActionMask = 2147483647;
			files = (
			);
			inputPaths = (
			);
			name = "Embed Pods Frameworks";
			outputPaths = (
			);
			runOnlyForDeploymentPostprocessing = 0;
			shellPath = /bin/sh;
			shellScript = "\"${SRCROOT}/Pods/Target Support Files/Pods/Pods-frameworks.sh\"\n";
			showEnvVarsInLog = 0;
		};
		CF930301A445C012281422BE /* Check Pods Manifest.lock */ = {
			isa = PBXShellScriptBuildPhase;
			buildActionMask = 2147483647;
			files = (
			);
			inputPaths = (
			);
			name = "Check Pods Manifest.lock";
			outputPaths = (
			);
			runOnlyForDeploymentPostprocessing = 0;
			shellPath = /bin/sh;
			shellScript = "diff \"${PODS_ROOT}/../Podfile.lock\" \"${PODS_ROOT}/Manifest.lock\" > /dev/null\nif [[ $? != 0 ]] ; then\n    cat << EOM\nerror: The sandbox is not in sync with the Podfile.lock. Run 'pod install' or update your CocoaPods installation.\nEOM\n    exit 1\nfi\n";
			showEnvVarsInLog = 0;
		};
		DEE212389A5F6A19A8B06654 /* Copy Pods Resources */ = {
			isa = PBXShellScriptBuildPhase;
			buildActionMask = 2147483647;
			files = (
			);
			inputPaths = (
			);
			name = "Copy Pods Resources";
			outputPaths = (
			);
			runOnlyForDeploymentPostprocessing = 0;
			shellPath = /bin/sh;
			shellScript = "\"${SRCROOT}/Pods/Target Support Files/Pods/Pods-resources.sh\"\n";
			showEnvVarsInLog = 0;
		};
/* End PBXShellScriptBuildPhase section */

/* Begin PBXSourcesBuildPhase section */
		ED0BC5871B305D720060FC84 /* Sources */ = {
			isa = PBXSourcesBuildPhase;
			buildActionMask = 2147483647;
			files = (
				EDC8C1E81B35A32A004B1358 /* Levels.swift in Sources */,
				EDBB66971B3C0A61009020A5 /* BlockTableViewController.swift in Sources */,
				ED6F79911B3D7D9200DD2AFE /* DirectDriveButton.swift in Sources */,
				ED236EA41B341E9F00B63380 /* GameViewCommand.swift in Sources */,
				ED236EA01B34161D00B63380 /* GVJavaScriptCommand.swift in Sources */,
				ED6F79941B3D866F00DD2AFE /* Message.swift in Sources */,
				ED0BC5B31B3062E60060FC84 /* GameViewController.swift in Sources */,
				EDC8C1F51B381213004B1358 /* GameViewCommandFactory.swift in Sources */,
				ED0BC5911B305D720060FC84 /* AppDelegate.swift in Sources */,
				ED1EB06B1B32CF7700A595EF /* LevelTableViewController.swift in Sources */,
				EDAEFBAD1B39934F003398EE /* VehicleController.swift in Sources */,
				EDBB66991B3C0B34009020A5 /* BlockTableViewCell.swift in Sources */,
				ED1EB0711B331A2800A595EF /* FetchLevelsAction.swift in Sources */,
				ED6F79881B3D46CF00DD2AFE /* GameMenuView.swift in Sources */,
				ED1EB06F1B3314C900A595EF /* ActionDelegate.swift in Sources */,
				ED1EB0671B32C09800A595EF /* Action.swift in Sources */,
				EDC8C1EC1B35BA29004B1358 /* LevelSection.swift in Sources */,
				EDC8C1F31B36A25F004B1358 /* ColorConstants.swift in Sources */,
				EDBB66901B3B009C009020A5 /* GameMenuViewController.swift in Sources */,
				ED1EB0731B331B7100A595EF /* FetchLevelsActionMockDelegate.swift in Sources */,
				EDC8C1F11B369D3C004B1358 /* GameViewButton.swift in Sources */,
				ED0A770A1B34560600267191 /* LabelTableViewCell.swift in Sources */,
				EDBB66951B3C0977009020A5 /* Block.swift in Sources */,
				EDAEFBAB1B384EE9003398EE /* GameViewInteractionHandler.swift in Sources */,
				EDBB668D1B3AEEFC009020A5 /* DirectDriveViewController.swift in Sources */,
				ED6F79971B3D9DF000DD2AFE /* HelpMessage.swift in Sources */,
				EF41E0CAE26E34EA69805EB6 /* Level.swift in Sources */,
				ED6F79991B3D9F1D00DD2AFE /* GameMessage.swift in Sources */,
				ED1EB0751B331C7100A595EF /* APIActionDelegate.swift in Sources */,
				D4CA7DAE1B32C74800C09F74 /* URLConstants.swift in Sources */,
				EF41EA99727ABC5A5820353A /* GVLoadLevelCommand.swift in Sources */,
				ED6F798A1B3D565B00DD2AFE /* HelpMessageViewController.swift in Sources */,
			);
			runOnlyForDeploymentPostprocessing = 0;
		};
		ED0BC59C1B305D720060FC84 /* Sources */ = {
			isa = PBXSourcesBuildPhase;
			buildActionMask = 2147483647;
			files = (
				ED6F799A1B3DA10700DD2AFE /* HelpMessage.swift in Sources */,
				EDBB667F1B3AA18F009020A5 /* GameViewButton.swift in Sources */,
				EDBB667D1B3AA16D009020A5 /* GameViewController.swift in Sources */,
				EDBB666B1B3AA029009020A5 /* LevelTableViewController.swift in Sources */,
				ED6F799C1B3DB34900DD2AFE /* GameMenuView.swift in Sources */,
				EDBB66821B3AB36C009020A5 /* GameViewControllerTests.swift in Sources */,
				EDBB66711B3AA072009020A5 /* FetchLevelsActionMockDelegate.swift in Sources */,
				EDBB667A1B3AA07E009020A5 /* GameViewInteractionHandler.swift in Sources */,
				EDBB666F1B3AA06E009020A5 /* ActionDelegate.swift in Sources */,
				EDBB66771B3AA07E009020A5 /* Level.swift in Sources */,
				EDBB666E1B3AA06E009020A5 /* Action.swift in Sources */,
				EDBB669C1B3C1181009020A5 /* BlockTableViewCell.swift in Sources */,
				EDBB66741B3AA07A009020A5 /* GameViewCommand.swift in Sources */,
				EDBB666C1B3AA06A009020A5 /* URLConstants.swift in Sources */,
				ED6F79921B3D7DD400DD2AFE /* DirectDriveButton.swift in Sources */,
				ED6F79951B3D875E00DD2AFE /* Message.swift in Sources */,
				EDBB66751B3AA07A009020A5 /* GVJavaScriptCommand.swift in Sources */,
				ED0BC5A71B305D720060FC84 /* codeforlife_iosTests.swift in Sources */,
				ED6F799B1B3DA10C00DD2AFE /* GameMessage.swift in Sources */,
				EDBB669B1B3C1007009020A5 /* BlockTableViewController.swift in Sources */,
				EDBB667E1B3AA18F009020A5 /* LabelTableViewCell.swift in Sources */,
				EDBB668E1B3AF135009020A5 /* DirectDriveViewController.swift in Sources */,
				EDBB669A1B3C0DE2009020A5 /* Block.swift in Sources */,
				ED6F798F1B3D5A0E00DD2AFE /* HelpMessageViewController.swift in Sources */,
				EDBB66911B3B0103009020A5 /* GameMenuViewController.swift in Sources */,
				EDBB66701B3AA06E009020A5 /* FetchLevelsAction.swift in Sources */,
				EDBB66781B3AA07E009020A5 /* LevelSection.swift in Sources */,
				EDBB66721B3AA076009020A5 /* APIActionDelegate.swift in Sources */,
				EDBB667B1B3AA07E009020A5 /* VehicleController.swift in Sources */,
				EDBB666D1B3AA06A009020A5 /* ColorConstants.swift in Sources */,
				EDBB66791B3AA07E009020A5 /* Levels.swift in Sources */,
				EDBB66761B3AA07A009020A5 /* GVLoadLevelCommand.swift in Sources */,
				EDBB666A1B3AA018009020A5 /* LabelViewControllerTests.swift in Sources */,
				EDBB66731B3AA07A009020A5 /* GameViewCommandFactory.swift in Sources */,
			);
			runOnlyForDeploymentPostprocessing = 0;
		};
/* End PBXSourcesBuildPhase section */

/* Begin PBXTargetDependency section */
		ED0BC5A21B305D720060FC84 /* PBXTargetDependency */ = {
			isa = PBXTargetDependency;
			target = ED0BC58A1B305D720060FC84 /* codeforlife-ios */;
			targetProxy = ED0BC5A11B305D720060FC84 /* PBXContainerItemProxy */;
		};
/* End PBXTargetDependency section */

/* Begin PBXVariantGroup section */
		ED0BC5941B305D720060FC84 /* Main.storyboard */ = {
			isa = PBXVariantGroup;
			children = (
				ED0BC5951B305D720060FC84 /* Base */,
			);
			name = Main.storyboard;
			sourceTree = "<group>";
		};
		ED0BC5991B305D720060FC84 /* LaunchScreen.xib */ = {
			isa = PBXVariantGroup;
			children = (
				ED0BC59A1B305D720060FC84 /* Base */,
			);
			name = LaunchScreen.xib;
			sourceTree = "<group>";
		};
/* End PBXVariantGroup section */

/* Begin XCBuildConfiguration section */
		ED0BC5A81B305D720060FC84 /* Debug */ = {
			isa = XCBuildConfiguration;
			buildSettings = {
				ALWAYS_SEARCH_USER_PATHS = NO;
				CLANG_CXX_LANGUAGE_STANDARD = "gnu++0x";
				CLANG_CXX_LIBRARY = "libc++";
				CLANG_ENABLE_MODULES = YES;
				CLANG_ENABLE_OBJC_ARC = YES;
				CLANG_WARN_BOOL_CONVERSION = YES;
				CLANG_WARN_CONSTANT_CONVERSION = YES;
				CLANG_WARN_DIRECT_OBJC_ISA_USAGE = YES_ERROR;
				CLANG_WARN_EMPTY_BODY = YES;
				CLANG_WARN_ENUM_CONVERSION = YES;
				CLANG_WARN_INT_CONVERSION = YES;
				CLANG_WARN_OBJC_ROOT_CLASS = YES_ERROR;
				CLANG_WARN_UNREACHABLE_CODE = YES;
				CLANG_WARN__DUPLICATE_METHOD_MATCH = YES;
				"CODE_SIGN_IDENTITY[sdk=iphoneos*]" = "iPhone Developer";
				COPY_PHASE_STRIP = NO;
				DEBUG_INFORMATION_FORMAT = "dwarf-with-dsym";
				ENABLE_STRICT_OBJC_MSGSEND = YES;
				GCC_C_LANGUAGE_STANDARD = gnu99;
				GCC_DYNAMIC_NO_PIC = NO;
				GCC_NO_COMMON_BLOCKS = YES;
				GCC_OPTIMIZATION_LEVEL = 0;
				GCC_PREPROCESSOR_DEFINITIONS = (
					"DEBUG=1",
					"$(inherited)",
				);
				GCC_SYMBOLS_PRIVATE_EXTERN = NO;
				GCC_WARN_64_TO_32_BIT_CONVERSION = YES;
				GCC_WARN_ABOUT_RETURN_TYPE = YES_ERROR;
				GCC_WARN_UNDECLARED_SELECTOR = YES;
				GCC_WARN_UNINITIALIZED_AUTOS = YES_AGGRESSIVE;
				GCC_WARN_UNUSED_FUNCTION = YES;
				GCC_WARN_UNUSED_VARIABLE = YES;
				IPHONEOS_DEPLOYMENT_TARGET = 8.3;
				MTL_ENABLE_DEBUG_INFO = YES;
				ONLY_ACTIVE_ARCH = YES;
				SDKROOT = iphoneos;
				SWIFT_OPTIMIZATION_LEVEL = "-Onone";
				TARGETED_DEVICE_FAMILY = "1,2";
			};
			name = Debug;
		};
		ED0BC5A91B305D720060FC84 /* Release */ = {
			isa = XCBuildConfiguration;
			buildSettings = {
				ALWAYS_SEARCH_USER_PATHS = NO;
				CLANG_CXX_LANGUAGE_STANDARD = "gnu++0x";
				CLANG_CXX_LIBRARY = "libc++";
				CLANG_ENABLE_MODULES = YES;
				CLANG_ENABLE_OBJC_ARC = YES;
				CLANG_WARN_BOOL_CONVERSION = YES;
				CLANG_WARN_CONSTANT_CONVERSION = YES;
				CLANG_WARN_DIRECT_OBJC_ISA_USAGE = YES_ERROR;
				CLANG_WARN_EMPTY_BODY = YES;
				CLANG_WARN_ENUM_CONVERSION = YES;
				CLANG_WARN_INT_CONVERSION = YES;
				CLANG_WARN_OBJC_ROOT_CLASS = YES_ERROR;
				CLANG_WARN_UNREACHABLE_CODE = YES;
				CLANG_WARN__DUPLICATE_METHOD_MATCH = YES;
				"CODE_SIGN_IDENTITY[sdk=iphoneos*]" = "iPhone Developer";
				COPY_PHASE_STRIP = NO;
				DEBUG_INFORMATION_FORMAT = "dwarf-with-dsym";
				ENABLE_NS_ASSERTIONS = NO;
				ENABLE_STRICT_OBJC_MSGSEND = YES;
				GCC_C_LANGUAGE_STANDARD = gnu99;
				GCC_NO_COMMON_BLOCKS = YES;
				GCC_WARN_64_TO_32_BIT_CONVERSION = YES;
				GCC_WARN_ABOUT_RETURN_TYPE = YES_ERROR;
				GCC_WARN_UNDECLARED_SELECTOR = YES;
				GCC_WARN_UNINITIALIZED_AUTOS = YES_AGGRESSIVE;
				GCC_WARN_UNUSED_FUNCTION = YES;
				GCC_WARN_UNUSED_VARIABLE = YES;
				IPHONEOS_DEPLOYMENT_TARGET = 8.3;
				MTL_ENABLE_DEBUG_INFO = NO;
				SDKROOT = iphoneos;
				TARGETED_DEVICE_FAMILY = "1,2";
				VALIDATE_PRODUCT = YES;
			};
			name = Release;
		};
		ED0BC5AB1B305D720060FC84 /* Debug */ = {
			isa = XCBuildConfiguration;
			baseConfigurationReference = D98E0ACB1B0824664611C8C0 /* Pods.debug.xcconfig */;
			buildSettings = {
				ASSETCATALOG_COMPILER_APPICON_NAME = AppIcon;
				CLANG_ENABLE_MODULES = YES;
				CODE_SIGN_IDENTITY = "iPhone Developer";
				"CODE_SIGN_IDENTITY[sdk=iphoneos*]" = "iPhone Developer";
				INFOPLIST_FILE = "codeforlife-ios/Info.plist";
				LD_RUNPATH_SEARCH_PATHS = "$(inherited) @executable_path/Frameworks";
				PRODUCT_NAME = "$(TARGET_NAME)";
				PROVISIONING_PROFILE = "";
				SWIFT_OPTIMIZATION_LEVEL = "-Onone";
			};
			name = Debug;
		};
		ED0BC5AC1B305D720060FC84 /* Release */ = {
			isa = XCBuildConfiguration;
			baseConfigurationReference = 7A870087E59B342A6EF1BED1 /* Pods.release.xcconfig */;
			buildSettings = {
				ASSETCATALOG_COMPILER_APPICON_NAME = AppIcon;
				CLANG_ENABLE_MODULES = YES;
				CODE_SIGN_IDENTITY = "iPhone Developer";
				"CODE_SIGN_IDENTITY[sdk=iphoneos*]" = "iPhone Developer";
				INFOPLIST_FILE = "codeforlife-ios/Info.plist";
				LD_RUNPATH_SEARCH_PATHS = "$(inherited) @executable_path/Frameworks";
				PRODUCT_NAME = "$(TARGET_NAME)";
				PROVISIONING_PROFILE = "";
			};
			name = Release;
		};
		ED0BC5AE1B305D720060FC84 /* Debug */ = {
			isa = XCBuildConfiguration;
			baseConfigurationReference = D98E0ACB1B0824664611C8C0 /* Pods.debug.xcconfig */;
			buildSettings = {
				BUNDLE_LOADER = "$(TEST_HOST)";
				FRAMEWORK_SEARCH_PATHS = (
					"$(SDKROOT)/Developer/Library/Frameworks",
					"$(inherited)",
				);
				GCC_PREPROCESSOR_DEFINITIONS = (
					"DEBUG=1",
					"$(inherited)",
				);
				INFOPLIST_FILE = "codeforlife-iosTests/Info.plist";
				LD_RUNPATH_SEARCH_PATHS = "$(inherited) @executable_path/Frameworks @loader_path/Frameworks";
				PRODUCT_NAME = "$(TARGET_NAME)";
				TEST_HOST = "$(BUILT_PRODUCTS_DIR)/codeforlife-ios.app/codeforlife-ios";
			};
			name = Debug;
		};
		ED0BC5AF1B305D720060FC84 /* Release */ = {
			isa = XCBuildConfiguration;
			baseConfigurationReference = 7A870087E59B342A6EF1BED1 /* Pods.release.xcconfig */;
			buildSettings = {
				BUNDLE_LOADER = "$(TEST_HOST)";
				FRAMEWORK_SEARCH_PATHS = (
					"$(SDKROOT)/Developer/Library/Frameworks",
					"$(inherited)",
				);
				INFOPLIST_FILE = "codeforlife-iosTests/Info.plist";
				LD_RUNPATH_SEARCH_PATHS = "$(inherited) @executable_path/Frameworks @loader_path/Frameworks";
				PRODUCT_NAME = "$(TARGET_NAME)";
				TEST_HOST = "$(BUILT_PRODUCTS_DIR)/codeforlife-ios.app/codeforlife-ios";
			};
			name = Release;
		};
/* End XCBuildConfiguration section */

/* Begin XCConfigurationList section */
		ED0BC5861B305D720060FC84 /* Build configuration list for PBXProject "codeforlife-ios" */ = {
			isa = XCConfigurationList;
			buildConfigurations = (
				ED0BC5A81B305D720060FC84 /* Debug */,
				ED0BC5A91B305D720060FC84 /* Release */,
			);
			defaultConfigurationIsVisible = 0;
			defaultConfigurationName = Release;
		};
		ED0BC5AA1B305D720060FC84 /* Build configuration list for PBXNativeTarget "codeforlife-ios" */ = {
			isa = XCConfigurationList;
			buildConfigurations = (
				ED0BC5AB1B305D720060FC84 /* Debug */,
				ED0BC5AC1B305D720060FC84 /* Release */,
			);
			defaultConfigurationIsVisible = 0;
			defaultConfigurationName = Release;
		};
		ED0BC5AD1B305D720060FC84 /* Build configuration list for PBXNativeTarget "codeforlife-iosTests" */ = {
			isa = XCConfigurationList;
			buildConfigurations = (
				ED0BC5AE1B305D720060FC84 /* Debug */,
				ED0BC5AF1B305D720060FC84 /* Release */,
			);
			defaultConfigurationIsVisible = 0;
			defaultConfigurationName = Release;
		};
/* End XCConfigurationList section */
	};
	rootObject = ED0BC5831B305D720060FC84 /* Project object */;
}
