// !$*UTF8*$!
{
	archiveVersion = 1;
	classes = {
	};
	objectVersion = 46;
	objects = {

/* Begin PBXBuildFile section */
		1965F7451C501F1500D570E2 /* Images.xcassets in Resources */ = {isa = PBXBuildFile; fileRef = ED1A93391B42B02A004E6AD4 /* Images.xcassets */; };
		1965F7461C501F1600D570E2 /* Images.xcassets in Resources */ = {isa = PBXBuildFile; fileRef = ED1A93391B42B02A004E6AD4 /* Images.xcassets */; };
		19C80BD61C5003FC000DFBA0 /* GameObject.swift in Sources */ = {isa = PBXBuildFile; fileRef = 19C80BC41C5003FC000DFBA0 /* GameObject.swift */; };
		19C80BD71C5003FC000DFBA0 /* MovableGameObject.swift in Sources */ = {isa = PBXBuildFile; fileRef = 19C80BC61C5003FC000DFBA0 /* MovableGameObject.swift */; };
		19C80BD81C5003FC000DFBA0 /* Van.swift in Sources */ = {isa = PBXBuildFile; fileRef = 19C80BC71C5003FC000DFBA0 /* Van.swift */; };
		19C80BD91C5003FC000DFBA0 /* CFC.swift in Sources */ = {isa = PBXBuildFile; fileRef = 19C80BC91C5003FC000DFBA0 /* CFC.swift */; };
		19C80BDA1C5003FC000DFBA0 /* Decoration.swift in Sources */ = {isa = PBXBuildFile; fileRef = 19C80BCA1C5003FC000DFBA0 /* Decoration.swift */; };
		19C80BDB1C5003FC000DFBA0 /* House.swift in Sources */ = {isa = PBXBuildFile; fileRef = 19C80BCB1C5003FC000DFBA0 /* House.swift */; };
		19C80BDC1C5003FC000DFBA0 /* CrossRoads.swift in Sources */ = {isa = PBXBuildFile; fileRef = 19C80BCD1C5003FC000DFBA0 /* CrossRoads.swift */; };
		19C80BDD1C5003FC000DFBA0 /* DeadEnd.swift in Sources */ = {isa = PBXBuildFile; fileRef = 19C80BCE1C5003FC000DFBA0 /* DeadEnd.swift */; };
		19C80BDE1C5003FC000DFBA0 /* Error.swift in Sources */ = {isa = PBXBuildFile; fileRef = 19C80BCF1C5003FC000DFBA0 /* Error.swift */; };
		19C80BDF1C5003FC000DFBA0 /* Road.swift in Sources */ = {isa = PBXBuildFile; fileRef = 19C80BD01C5003FC000DFBA0 /* Road.swift */; };
		19C80BE01C5003FC000DFBA0 /* RoadType.swift in Sources */ = {isa = PBXBuildFile; fileRef = 19C80BD11C5003FC000DFBA0 /* RoadType.swift */; };
		19C80BE11C5003FC000DFBA0 /* Straight.swift in Sources */ = {isa = PBXBuildFile; fileRef = 19C80BD21C5003FC000DFBA0 /* Straight.swift */; };
		19C80BE21C5003FC000DFBA0 /* TJunction.swift in Sources */ = {isa = PBXBuildFile; fileRef = 19C80BD31C5003FC000DFBA0 /* TJunction.swift */; };
		19C80BE31C5003FC000DFBA0 /* Turn.swift in Sources */ = {isa = PBXBuildFile; fileRef = 19C80BD41C5003FC000DFBA0 /* Turn.swift */; };
		19C80BE41C5003FC000DFBA0 /* Tile.swift in Sources */ = {isa = PBXBuildFile; fileRef = 19C80BD51C5003FC000DFBA0 /* Tile.swift */; };
		19C80BEF1C500416000DFBA0 /* CompassDirection.swift in Sources */ = {isa = PBXBuildFile; fileRef = 19C80BE61C500416000DFBA0 /* CompassDirection.swift */; };
		19C80BF01C500416000DFBA0 /* Coordinates.swift in Sources */ = {isa = PBXBuildFile; fileRef = 19C80BE71C500416000DFBA0 /* Coordinates.swift */; };
		19C80BF11C500416000DFBA0 /* Destination.swift in Sources */ = {isa = PBXBuildFile; fileRef = 19C80BE81C500416000DFBA0 /* Destination.swift */; };
		19C80BF21C500416000DFBA0 /* Direction.swift in Sources */ = {isa = PBXBuildFile; fileRef = 19C80BE91C500416000DFBA0 /* Direction.swift */; };
		19C80BF31C500416000DFBA0 /* MapScene.swift in Sources */ = {isa = PBXBuildFile; fileRef = 19C80BEA1C500416000DFBA0 /* MapScene.swift */; };
		19C80BF41C500416000DFBA0 /* Node.swift in Sources */ = {isa = PBXBuildFile; fileRef = 19C80BEB1C500416000DFBA0 /* Node.swift */; };
		19C80BF51C500416000DFBA0 /* Origin.swift in Sources */ = {isa = PBXBuildFile; fileRef = 19C80BEC1C500416000DFBA0 /* Origin.swift */; };
		19C80BF61C500416000DFBA0 /* Rotation.swift in Sources */ = {isa = PBXBuildFile; fileRef = 19C80BED1C500416000DFBA0 /* Rotation.swift */; };
		19C80BF71C500416000DFBA0 /* WorldNode.swift in Sources */ = {isa = PBXBuildFile; fileRef = 19C80BEE1C500416000DFBA0 /* WorldNode.swift */; };
		4CD66AD011DAAB35F28CAFB8 /* Pods_codeforlife_iosTests.framework in Frameworks */ = {isa = PBXBuildFile; fileRef = 4E3915C524D4187AB82BC368 /* Pods_codeforlife_iosTests.framework */; };
		68551E6CF0BF93CECF16DB9E /* Pods.framework in Frameworks */ = {isa = PBXBuildFile; fileRef = D77FE0166D1735B9290ACD65 /* Pods.framework */; };
		B0CCFEA4F2910304EE9341B2 /* Pods.framework in Frameworks */ = {isa = PBXBuildFile; fileRef = D77FE0166D1735B9290ACD65 /* Pods.framework */; settings = {ATTRIBUTES = (Weak, ); }; };
		ED0622401B6256FC0062D3A5 /* LaunchScreenViewController.swift in Sources */ = {isa = PBXBuildFile; fileRef = ED06223F1B6256FC0062D3A5 /* LaunchScreenViewController.swift */; };
		ED0622441B6259760062D3A5 /* CoreData.framework in Frameworks */ = {isa = PBXBuildFile; fileRef = ED0622431B6259760062D3A5 /* CoreData.framework */; };
		ED06227A1B625B3F0062D3A5 /* codeforlife-ios.xcdatamodeld in Sources */ = {isa = PBXBuildFile; fileRef = ED0622781B625B3F0062D3A5 /* codeforlife-ios.xcdatamodeld */; };
		ED06227B1B625B3F0062D3A5 /* codeforlife-ios.xcdatamodeld in Sources */ = {isa = PBXBuildFile; fileRef = ED0622781B625B3F0062D3A5 /* codeforlife-ios.xcdatamodeld */; };
		ED0622A11B634C8B0062D3A5 /* StringExtension.swift in Sources */ = {isa = PBXBuildFile; fileRef = ED0622A01B634C8B0062D3A5 /* StringExtension.swift */; };
		ED0622A21B634C8B0062D3A5 /* StringExtension.swift in Sources */ = {isa = PBXBuildFile; fileRef = ED0622A01B634C8B0062D3A5 /* StringExtension.swift */; };
		ED0BC5911B305D720060FC84 /* AppDelegate.swift in Sources */ = {isa = PBXBuildFile; fileRef = ED0BC5901B305D720060FC84 /* AppDelegate.swift */; };
		ED0BC5961B305D720060FC84 /* Main.storyboard in Resources */ = {isa = PBXBuildFile; fileRef = ED0BC5941B305D720060FC84 /* Main.storyboard */; };
		ED0BC59B1B305D720060FC84 /* LaunchScreen.xib in Resources */ = {isa = PBXBuildFile; fileRef = ED0BC5991B305D720060FC84 /* LaunchScreen.xib */; };
		ED0BC5B31B3062E60060FC84 /* GameViewController.swift in Sources */ = {isa = PBXBuildFile; fileRef = ED0BC5B21B3062E60060FC84 /* GameViewController.swift */; };
		ED1484C81BB19166009C7D4D /* Config.swift in Sources */ = {isa = PBXBuildFile; fileRef = ED1484C71BB19166009C7D4D /* Config.swift */; };
		ED1484D51BB1A38D009C7D4D /* CustomBlocklyFactory.swift in Sources */ = {isa = PBXBuildFile; fileRef = ED1484D41BB1A38D009C7D4D /* CustomBlocklyFactory.swift */; };
		ED191B2B1B99D51C00E2627A /* ArrayExtension.swift in Sources */ = {isa = PBXBuildFile; fileRef = ED191B2A1B99D51C00E2627A /* ArrayExtension.swift */; };
		ED191B2C1B99D55400E2627A /* ArrayExtension.swift in Sources */ = {isa = PBXBuildFile; fileRef = ED191B2A1B99D51C00E2627A /* ArrayExtension.swift */; };
		ED1A932C1B429567004E6AD4 /* GameMapViewController.swift in Sources */ = {isa = PBXBuildFile; fileRef = ED1A932B1B429567004E6AD4 /* GameMapViewController.swift */; };
		ED1A93431B43CE48004E6AD4 /* Main.storyboard in Resources */ = {isa = PBXBuildFile; fileRef = ED0BC5941B305D720060FC84 /* Main.storyboard */; };
		ED1A93451B43D046004E6AD4 /* EpisodeViewController.swift in Sources */ = {isa = PBXBuildFile; fileRef = ED1A93441B43D046004E6AD4 /* EpisodeViewController.swift */; };
		ED1A934B1B43D215004E6AD4 /* EpisodeTableViewCell.swift in Sources */ = {isa = PBXBuildFile; fileRef = ED1A934A1B43D215004E6AD4 /* EpisodeTableViewCell.swift */; };
		ED1EB06B1B32CF7700A595EF /* LevelTableViewController.swift in Sources */ = {isa = PBXBuildFile; fileRef = ED1EB06A1B32CF7700A595EF /* LevelTableViewController.swift */; };
		ED4277C11BA1CC8D00665AB1 /* CoordinatesUnitTests.swift in Sources */ = {isa = PBXBuildFile; fileRef = ED4277C01BA1CC8D00665AB1 /* CoordinatesUnitTests.swift */; };
		ED4277C31BA1D13400665AB1 /* LaunchScreenViewControllerUnitTests.swift in Sources */ = {isa = PBXBuildFile; fileRef = ED4277C21BA1D13400665AB1 /* LaunchScreenViewControllerUnitTests.swift */; };
		ED4277C51BA2D63200665AB1 /* GameViewContollerUnitTests.swift in Sources */ = {isa = PBXBuildFile; fileRef = ED4277C41BA2D63200665AB1 /* GameViewContollerUnitTests.swift */; };
		ED5759F41B9EE9DE0093153E /* Constants.swift in Sources */ = {isa = PBXBuildFile; fileRef = ED5759F31B9EE9DE0093153E /* Constants.swift */; };
		ED575A7F1B9EEAE50093153E /* GameViewControllerDelegate.swift in Sources */ = {isa = PBXBuildFile; fileRef = ED575A5D1B9EEAE50093153E /* GameViewControllerDelegate.swift */; };
		ED575A811B9EEAE50093153E /* AnimationHandler.swift in Sources */ = {isa = PBXBuildFile; fileRef = ED575A5E1B9EEAE50093153E /* AnimationHandler.swift */; };
		ED575A831B9EEAE50093153E /* AnimationDelegate.swift in Sources */ = {isa = PBXBuildFile; fileRef = ED575A5F1B9EEAE50093153E /* AnimationDelegate.swift */; };
		ED575A871B9EEAE50093153E /* BlocklyHighlightAnimation.swift in Sources */ = {isa = PBXBuildFile; fileRef = ED575A611B9EEAE50093153E /* BlocklyHighlightAnimation.swift */; };
		ED575A891B9EEAE50093153E /* BlocklyHighlightIncorrectAnimation.swift in Sources */ = {isa = PBXBuildFile; fileRef = ED575A621B9EEAE50093153E /* BlocklyHighlightIncorrectAnimation.swift */; };
		ED575A9F1B9EEAE50093153E /* GameSoundAnimation.swift in Sources */ = {isa = PBXBuildFile; fileRef = ED575A6D1B9EEAE50093153E /* GameSoundAnimation.swift */; };
		ED575AA11B9EEAE50093153E /* GameVanDeliverAnimation.swift in Sources */ = {isa = PBXBuildFile; fileRef = ED575A6E1B9EEAE50093153E /* GameVanDeliverAnimation.swift */; };
		ED575AA31B9EEAE50093153E /* GameVanMoveForwardAnimation.swift in Sources */ = {isa = PBXBuildFile; fileRef = ED575A6F1B9EEAE50093153E /* GameVanMoveForwardAnimation.swift */; };
		ED575AA51B9EEAE50093153E /* GameVanMoveForwardCrashAnimation.swift in Sources */ = {isa = PBXBuildFile; fileRef = ED575A701B9EEAE50093153E /* GameVanMoveForwardCrashAnimation.swift */; };
		ED575AA71B9EEAE50093153E /* GameVanStartEngineAnimation.swift in Sources */ = {isa = PBXBuildFile; fileRef = ED575A711B9EEAE50093153E /* GameVanStartEngineAnimation.swift */; };
		ED575AA91B9EEAE50093153E /* GameVanStopEngineAnimation.swift in Sources */ = {isa = PBXBuildFile; fileRef = ED575A721B9EEAE50093153E /* GameVanStopEngineAnimation.swift */; };
		ED575AAB1B9EEAE50093153E /* GameVanTurnLeftAnimation.swift in Sources */ = {isa = PBXBuildFile; fileRef = ED575A731B9EEAE50093153E /* GameVanTurnLeftAnimation.swift */; };
		ED575AAD1B9EEAE50093153E /* GameVanTurnLeftCrashAnimation.swift in Sources */ = {isa = PBXBuildFile; fileRef = ED575A741B9EEAE50093153E /* GameVanTurnLeftCrashAnimation.swift */; };
		ED575AAF1B9EEAE50093153E /* GameVanTurnRightAnimation.swift in Sources */ = {isa = PBXBuildFile; fileRef = ED575A751B9EEAE50093153E /* GameVanTurnRightAnimation.swift */; };
		ED575AB11B9EEAE50093153E /* GameVanTurnRightCrashAnimation.swift in Sources */ = {isa = PBXBuildFile; fileRef = ED575A761B9EEAE50093153E /* GameVanTurnRightCrashAnimation.swift */; };
		ED575AB91B9EEAE50093153E /* GameViewPopUpAnimation.swift in Sources */ = {isa = PBXBuildFile; fileRef = ED575A7A1B9EEAE50093153E /* GameViewPopUpAnimation.swift */; };
		ED575ABD1B9EEAE50093153E /* OnStopControlsAnimation.swift in Sources */ = {isa = PBXBuildFile; fileRef = ED575A7C1B9EEAE50093153E /* OnStopControlsAnimation.swift */; };
		ED575AC71B9EEAF60093153E /* crash.mp3 in Resources */ = {isa = PBXBuildFile; fileRef = ED575AC01B9EEAF60093153E /* crash.mp3 */; };
		ED575AC81B9EEAF60093153E /* crash.mp3 in Resources */ = {isa = PBXBuildFile; fileRef = ED575AC01B9EEAF60093153E /* crash.mp3 */; };
		ED575AC91B9EEAF60093153E /* delivery.mp3 in Resources */ = {isa = PBXBuildFile; fileRef = ED575AC11B9EEAF60093153E /* delivery.mp3 */; };
		ED575ACA1B9EEAF60093153E /* delivery.mp3 in Resources */ = {isa = PBXBuildFile; fileRef = ED575AC11B9EEAF60093153E /* delivery.mp3 */; };
		ED575ACB1B9EEAF60093153E /* failure.mp3 in Resources */ = {isa = PBXBuildFile; fileRef = ED575AC21B9EEAF60093153E /* failure.mp3 */; };
		ED575ACC1B9EEAF60093153E /* failure.mp3 in Resources */ = {isa = PBXBuildFile; fileRef = ED575AC21B9EEAF60093153E /* failure.mp3 */; };
		ED575ACD1B9EEAF60093153E /* moving.mp3 in Resources */ = {isa = PBXBuildFile; fileRef = ED575AC31B9EEAF60093153E /* moving.mp3 */; };
		ED575ACE1B9EEAF60093153E /* moving.mp3 in Resources */ = {isa = PBXBuildFile; fileRef = ED575AC31B9EEAF60093153E /* moving.mp3 */; };
		ED575ACF1B9EEAF60093153E /* starting.mp3 in Resources */ = {isa = PBXBuildFile; fileRef = ED575AC41B9EEAF60093153E /* starting.mp3 */; };
		ED575AD01B9EEAF60093153E /* starting.mp3 in Resources */ = {isa = PBXBuildFile; fileRef = ED575AC41B9EEAF60093153E /* starting.mp3 */; };
		ED575AD11B9EEAF60093153E /* tension.mp3 in Resources */ = {isa = PBXBuildFile; fileRef = ED575AC51B9EEAF60093153E /* tension.mp3 */; };
		ED575AD21B9EEAF60093153E /* tension.mp3 in Resources */ = {isa = PBXBuildFile; fileRef = ED575AC51B9EEAF60093153E /* tension.mp3 */; };
		ED575AD31B9EEAF60093153E /* win.mp3 in Resources */ = {isa = PBXBuildFile; fileRef = ED575AC61B9EEAF60093153E /* win.mp3 */; };
		ED575AD41B9EEAF60093153E /* win.mp3 in Resources */ = {isa = PBXBuildFile; fileRef = ED575AC61B9EEAF60093153E /* win.mp3 */; };
		ED575AE01B9EEB110093153E /* APIRequestDelegate.swift in Sources */ = {isa = PBXBuildFile; fileRef = ED575AD51B9EEB110093153E /* APIRequestDelegate.swift */; };
		ED575AE21B9EEB110093153E /* LoadEpisodesRequest.swift in Sources */ = {isa = PBXBuildFile; fileRef = ED575AD61B9EEB110093153E /* LoadEpisodesRequest.swift */; };
		ED575AE41B9EEB110093153E /* LoadEpisodesRequestMockDelegate.swift in Sources */ = {isa = PBXBuildFile; fileRef = ED575AD71B9EEB110093153E /* LoadEpisodesRequestMockDelegate.swift */; };
		ED575AE61B9EEB110093153E /* LoadLevelRequest.swift in Sources */ = {isa = PBXBuildFile; fileRef = ED575AD81B9EEB110093153E /* LoadLevelRequest.swift */; };
		ED575AE81B9EEB110093153E /* LoadLevelRequestMockDelegate.swift in Sources */ = {isa = PBXBuildFile; fileRef = ED575AD91B9EEB110093153E /* LoadLevelRequestMockDelegate.swift */; };
		ED575AEA1B9EEB110093153E /* LoadLevelsRequest.swift in Sources */ = {isa = PBXBuildFile; fileRef = ED575ADA1B9EEB110093153E /* LoadLevelsRequest.swift */; };
		ED575AEC1B9EEB110093153E /* LoadLevelsRequestMockDelegate.swift in Sources */ = {isa = PBXBuildFile; fileRef = ED575ADB1B9EEB110093153E /* LoadLevelsRequestMockDelegate.swift */; };
		ED575AEE1B9EEB110093153E /* LoadMapRequest.swift in Sources */ = {isa = PBXBuildFile; fileRef = ED575ADC1B9EEB110093153E /* LoadMapRequest.swift */; };
		ED575AF01B9EEB110093153E /* LoadMapRequestMockDelegate.swift in Sources */ = {isa = PBXBuildFile; fileRef = ED575ADD1B9EEB110093153E /* LoadMapRequestMockDelegate.swift */; };
		ED575AF21B9EEB110093153E /* Request.swift in Sources */ = {isa = PBXBuildFile; fileRef = ED575ADE1B9EEB110093153E /* Request.swift */; };
		ED575AF41B9EEB110093153E /* RequestDelegate.swift in Sources */ = {isa = PBXBuildFile; fileRef = ED575ADF1B9EEB110093153E /* RequestDelegate.swift */; };
		ED575B161B9EECE70093153E /* BlockType.swift in Sources */ = {isa = PBXBuildFile; fileRef = ED575B0E1B9EECE70093153E /* BlockType.swift */; };
		ED575B181B9EECE70093153E /* CDMap.swift in Sources */ = {isa = PBXBuildFile; fileRef = ED575B0F1B9EECE70093153E /* CDMap.swift */; };
		ED575B1A1B9EECE70093153E /* DecorationType.swift in Sources */ = {isa = PBXBuildFile; fileRef = ED575B101B9EECE70093153E /* DecorationType.swift */; };
		ED575B1C1B9EECE70093153E /* Episode.swift in Sources */ = {isa = PBXBuildFile; fileRef = ED575B111B9EECE70093153E /* Episode.swift */; };
		ED575B1E1B9EECE70093153E /* Level.swift in Sources */ = {isa = PBXBuildFile; fileRef = ED575B121B9EECE70093153E /* Level.swift */; };
		ED575B201B9EECE70093153E /* LevelBlock.swift in Sources */ = {isa = PBXBuildFile; fileRef = ED575B131B9EECE70093153E /* LevelBlock.swift */; };
		ED575B221B9EECE70093153E /* LevelMode.swift in Sources */ = {isa = PBXBuildFile; fileRef = ED575B141B9EECE70093153E /* LevelMode.swift */; };
		ED575B241B9EECE70093153E /* ThemeType.swift in Sources */ = {isa = PBXBuildFile; fileRef = ED575B151B9EECE70093153E /* ThemeType.swift */; };
		ED575B4C1B9EEE1E0093153E /* GameMapView.swift in Sources */ = {isa = PBXBuildFile; fileRef = ED575B4A1B9EEE1E0093153E /* GameMapView.swift */; };
		ED575B4D1B9EEE1E0093153E /* GameMapView.swift in Sources */ = {isa = PBXBuildFile; fileRef = ED575B4A1B9EEE1E0093153E /* GameMapView.swift */; };
		ED575B4E1B9EEE1E0093153E /* GameMenuView.swift in Sources */ = {isa = PBXBuildFile; fileRef = ED575B4B1B9EEE1E0093153E /* GameMenuView.swift */; };
		ED575B4F1B9EEE1E0093153E /* GameMenuView.swift in Sources */ = {isa = PBXBuildFile; fileRef = ED575B4B1B9EEE1E0093153E /* GameMenuView.swift */; };
		ED575B511B9EEE2C0093153E /* LevelTitleLabel.swift in Sources */ = {isa = PBXBuildFile; fileRef = ED575B501B9EEE2C0093153E /* LevelTitleLabel.swift */; };
		ED575B521B9EEE2C0093153E /* LevelTitleLabel.swift in Sources */ = {isa = PBXBuildFile; fileRef = ED575B501B9EEE2C0093153E /* LevelTitleLabel.swift */; };
		ED575B581B9F375D0093153E /* AnimationFactory.swift in Sources */ = {isa = PBXBuildFile; fileRef = ED575B571B9F375D0093153E /* AnimationFactory.swift */; };
		ED575B791BA05D390093153E /* Animation.swift in Sources */ = {isa = PBXBuildFile; fileRef = ED575B781BA05D390093153E /* Animation.swift */; };
		ED575B7C1BA0638E0093153E /* MessageViewControllerDelegate.swift in Sources */ = {isa = PBXBuildFile; fileRef = ED575B7B1BA0638E0093153E /* MessageViewControllerDelegate.swift */; };
		ED575B7F1BA065BC0093153E /* BlocklyViewControllerDelegate.swift in Sources */ = {isa = PBXBuildFile; fileRef = ED575B7E1BA065BC0093153E /* BlocklyViewControllerDelegate.swift */; };
		ED575B821BA079B90093153E /* GameMenuViewControllerDelegate.swift in Sources */ = {isa = PBXBuildFile; fileRef = ED575B811BA079B90093153E /* GameMenuViewControllerDelegate.swift */; };
		ED575B851BA079CE0093153E /* MapSceneDelegate.swift in Sources */ = {isa = PBXBuildFile; fileRef = ED575B841BA079CE0093153E /* MapSceneDelegate.swift */; };
		ED575B8B1BA07AD40093153E /* GameViewInteractionHandlerDelegate.swift in Sources */ = {isa = PBXBuildFile; fileRef = ED575B8A1BA07AD40093153E /* GameViewInteractionHandlerDelegate.swift */; };
		ED575B911BA089EC0093153E /* KIF+SwiftExtension.swift in Sources */ = {isa = PBXBuildFile; fileRef = ED575B8F1BA089EC0093153E /* KIF+SwiftExtension.swift */; };
		ED575B981BA17A840093153E /* T1LaunchScreenViewControllerUITests.swift in Sources */ = {isa = PBXBuildFile; fileRef = ED575B971BA17A840093153E /* T1LaunchScreenViewControllerUITests.swift */; };
		ED575B9A1BA17B000093153E /* T2EpisodeViewControllerUITests.swift in Sources */ = {isa = PBXBuildFile; fileRef = ED575B991BA17B000093153E /* T2EpisodeViewControllerUITests.swift */; };
		ED575B9C1BA180260093153E /* T3LevelViewControllerUITests.swift in Sources */ = {isa = PBXBuildFile; fileRef = ED575B9B1BA180260093153E /* T3LevelViewControllerUITests.swift */; };
		ED575B9E1BA184E70093153E /* T4GameViewControllerUITest.swift in Sources */ = {isa = PBXBuildFile; fileRef = ED575B9D1BA184E70093153E /* T4GameViewControllerUITest.swift */; };
		ED5D7E911B9D947A006723B3 /* InteractionHandler.swift in Sources */ = {isa = PBXBuildFile; fileRef = ED5D7E901B9D947A006723B3 /* InteractionHandler.swift */; };
		ED5D7EC21B9DBEAF006723B3 /* LevelTableViewCell.swift in Sources */ = {isa = PBXBuildFile; fileRef = ED5D7EC11B9DBEAF006723B3 /* LevelTableViewCell.swift */; };
		ED6DC3BF1B5FC77B00EB6F22 /* EpisodeNavigationButton.swift in Sources */ = {isa = PBXBuildFile; fileRef = ED6DC3BE1B5FC77B00EB6F22 /* EpisodeNavigationButton.swift */; };
		ED6F798A1B3D565B00DD2AFE /* MessageViewController.swift in Sources */ = {isa = PBXBuildFile; fileRef = ED6F79891B3D565B00DD2AFE /* MessageViewController.swift */; };
		ED6F79911B3D7D9200DD2AFE /* DirectDriveButton.swift in Sources */ = {isa = PBXBuildFile; fileRef = ED6F79901B3D7D9200DD2AFE /* DirectDriveButton.swift */; };
		ED6F79921B3D7DD400DD2AFE /* DirectDriveButton.swift in Sources */ = {isa = PBXBuildFile; fileRef = ED6F79901B3D7D9200DD2AFE /* DirectDriveButton.swift */; };
		ED6F79941B3D866F00DD2AFE /* Message.swift in Sources */ = {isa = PBXBuildFile; fileRef = ED6F79931B3D866F00DD2AFE /* Message.swift */; };
		ED6F79971B3D9DF000DD2AFE /* HelpMessage.swift in Sources */ = {isa = PBXBuildFile; fileRef = ED6F79961B3D9DF000DD2AFE /* HelpMessage.swift */; };
		ED8AEB9B1B5FE8020049EA8D /* AVFoundation.framework in Frameworks */ = {isa = PBXBuildFile; fileRef = ED8AEB9A1B5FE8020049EA8D /* AVFoundation.framework */; };
		ED90B4471B60D6920076B70D /* CGPointExtension.swift in Sources */ = {isa = PBXBuildFile; fileRef = ED90B4461B60D6920076B70D /* CGPointExtension.swift */; };
		ED90B4481B60D6920076B70D /* CGPointExtension.swift in Sources */ = {isa = PBXBuildFile; fileRef = ED90B4461B60D6920076B70D /* CGPointExtension.swift */; };
		EDA47C3B1B441E35003356AB /* EpisodeTableView.swift in Sources */ = {isa = PBXBuildFile; fileRef = EDA47C3A1B441E35003356AB /* EpisodeTableView.swift */; };
		EDA47C3C1B441E35003356AB /* EpisodeTableView.swift in Sources */ = {isa = PBXBuildFile; fileRef = EDA47C3A1B441E35003356AB /* EpisodeTableView.swift */; };
		EDA47C3F1B442411003356AB /* LevelBackButton.swift in Sources */ = {isa = PBXBuildFile; fileRef = EDA47C3E1B442411003356AB /* LevelBackButton.swift */; };
		EDA47C421B442798003356AB /* LevelTableView.swift in Sources */ = {isa = PBXBuildFile; fileRef = EDA47C411B442798003356AB /* LevelTableView.swift */; };
		EDA47C431B442798003356AB /* LevelTableView.swift in Sources */ = {isa = PBXBuildFile; fileRef = EDA47C411B442798003356AB /* LevelTableView.swift */; };
		EDA47C451B442A1E003356AB /* Configurations.swift in Sources */ = {isa = PBXBuildFile; fileRef = EDA47C441B442A1E003356AB /* Configurations.swift */; };
		EDAEFBAB1B384EE9003398EE /* GameViewInteractionHandler.swift in Sources */ = {isa = PBXBuildFile; fileRef = EDAEFBAA1B384EE9003398EE /* GameViewInteractionHandler.swift */; };
		EDBB667F1B3AA18F009020A5 /* GameViewButton.swift in Sources */ = {isa = PBXBuildFile; fileRef = EDC8C1F01B369D3C004B1358 /* GameViewButton.swift */; };
		EDBB66901B3B009C009020A5 /* GameMenuViewController.swift in Sources */ = {isa = PBXBuildFile; fileRef = EDBB668F1B3B009C009020A5 /* GameMenuViewController.swift */; };
		EDBB66971B3C0A61009020A5 /* BlockTableViewController.swift in Sources */ = {isa = PBXBuildFile; fileRef = EDBB66961B3C0A61009020A5 /* BlockTableViewController.swift */; };
		EDBB66991B3C0B34009020A5 /* BlockTableViewCell.swift in Sources */ = {isa = PBXBuildFile; fileRef = EDBB66981B3C0B34009020A5 /* BlockTableViewCell.swift */; };
		EDBB669C1B3C1181009020A5 /* BlockTableViewCell.swift in Sources */ = {isa = PBXBuildFile; fileRef = EDBB66981B3C0B34009020A5 /* BlockTableViewCell.swift */; };
		EDC8C1F11B369D3C004B1358 /* GameViewButton.swift in Sources */ = {isa = PBXBuildFile; fileRef = EDC8C1F01B369D3C004B1358 /* GameViewButton.swift */; };
		EDDF0F0D1B416C4E00F2D779 /* PreGameMessageView.xib in Resources */ = {isa = PBXBuildFile; fileRef = EDDF0F0C1B416C4E00F2D779 /* PreGameMessageView.xib */; };
		EDDF0F111B416DD300F2D779 /* PreGameMessageView.swift in Sources */ = {isa = PBXBuildFile; fileRef = EDDF0F101B416DD300F2D779 /* PreGameMessageView.swift */; };
		EDDF0F121B416E4700F2D779 /* PreGameMessageView.xib in Resources */ = {isa = PBXBuildFile; fileRef = EDDF0F0C1B416C4E00F2D779 /* PreGameMessageView.xib */; };
		EDDF0F151B41783F00F2D779 /* PreGameMessage.swift in Sources */ = {isa = PBXBuildFile; fileRef = EDDF0F141B41783F00F2D779 /* PreGameMessage.swift */; };
		EDDF0F1C1B417B6100F2D779 /* ErrorMessageView.xib in Resources */ = {isa = PBXBuildFile; fileRef = EDDF0F1B1B417B6100F2D779 /* ErrorMessageView.xib */; };
		EDDF0F1D1B417B6100F2D779 /* ErrorMessageView.xib in Resources */ = {isa = PBXBuildFile; fileRef = EDDF0F1B1B417B6100F2D779 /* ErrorMessageView.xib */; };
		EDDF0F1F1B417DBC00F2D779 /* ErrorMessageView.swift in Sources */ = {isa = PBXBuildFile; fileRef = EDDF0F1E1B417DBC00F2D779 /* ErrorMessageView.swift */; };
		EDFE933A1B41804900E01322 /* FailMessage.swift in Sources */ = {isa = PBXBuildFile; fileRef = EDFE93391B41804900E01322 /* FailMessage.swift */; };
		EDFE933D1B4181FF00E01322 /* PostGameMessageView.swift in Sources */ = {isa = PBXBuildFile; fileRef = EDFE933C1B4181FF00E01322 /* PostGameMessageView.swift */; };
		EDFE93401B41820A00E01322 /* HelpMessageView.swift in Sources */ = {isa = PBXBuildFile; fileRef = EDFE933F1B41820A00E01322 /* HelpMessageView.swift */; };
		EDFE93431B41821A00E01322 /* PostGameMessageView.xib in Resources */ = {isa = PBXBuildFile; fileRef = EDFE93421B41821A00E01322 /* PostGameMessageView.xib */; };
		EDFE93441B41821A00E01322 /* PostGameMessageView.xib in Resources */ = {isa = PBXBuildFile; fileRef = EDFE93421B41821A00E01322 /* PostGameMessageView.xib */; };
		EDFE93461B41822600E01322 /* HelpMessageView.xib in Resources */ = {isa = PBXBuildFile; fileRef = EDFE93451B41822600E01322 /* HelpMessageView.xib */; };
		EDFE93471B41822600E01322 /* HelpMessageView.xib in Resources */ = {isa = PBXBuildFile; fileRef = EDFE93451B41822600E01322 /* HelpMessageView.xib */; };
		EDFE93491B41826A00E01322 /* PostGameMessage.swift in Sources */ = {isa = PBXBuildFile; fileRef = EDFE93481B41826A00E01322 /* PostGameMessage.swift */; };
		EDFE934C1B4182E200E01322 /* MessageView.swift in Sources */ = {isa = PBXBuildFile; fileRef = EDFE934B1B4182E200E01322 /* MessageView.swift */; };
/* End PBXBuildFile section */

/* Begin PBXContainerItemProxy section */
		ED0BC5A11B305D720060FC84 /* PBXContainerItemProxy */ = {
			isa = PBXContainerItemProxy;
			containerPortal = ED0BC5831B305D720060FC84 /* Project object */;
			proxyType = 1;
			remoteGlobalIDString = ED0BC58A1B305D720060FC84;
			remoteInfo = "codeforlife-ios";
		};
/* End PBXContainerItemProxy section */

/* Begin PBXFileReference section */
		19C80BC41C5003FC000DFBA0 /* GameObject.swift */ = {isa = PBXFileReference; fileEncoding = 4; lastKnownFileType = sourcecode.swift; path = GameObject.swift; sourceTree = "<group>"; };
		19C80BC61C5003FC000DFBA0 /* MovableGameObject.swift */ = {isa = PBXFileReference; fileEncoding = 4; lastKnownFileType = sourcecode.swift; path = MovableGameObject.swift; sourceTree = "<group>"; };
		19C80BC71C5003FC000DFBA0 /* Van.swift */ = {isa = PBXFileReference; fileEncoding = 4; lastKnownFileType = sourcecode.swift; path = Van.swift; sourceTree = "<group>"; };
		19C80BC91C5003FC000DFBA0 /* CFC.swift */ = {isa = PBXFileReference; fileEncoding = 4; lastKnownFileType = sourcecode.swift; path = CFC.swift; sourceTree = "<group>"; };
		19C80BCA1C5003FC000DFBA0 /* Decoration.swift */ = {isa = PBXFileReference; fileEncoding = 4; lastKnownFileType = sourcecode.swift; path = Decoration.swift; sourceTree = "<group>"; };
		19C80BCB1C5003FC000DFBA0 /* House.swift */ = {isa = PBXFileReference; fileEncoding = 4; lastKnownFileType = sourcecode.swift; path = House.swift; sourceTree = "<group>"; };
		19C80BCD1C5003FC000DFBA0 /* CrossRoads.swift */ = {isa = PBXFileReference; fileEncoding = 4; lastKnownFileType = sourcecode.swift; path = CrossRoads.swift; sourceTree = "<group>"; };
		19C80BCE1C5003FC000DFBA0 /* DeadEnd.swift */ = {isa = PBXFileReference; fileEncoding = 4; lastKnownFileType = sourcecode.swift; path = DeadEnd.swift; sourceTree = "<group>"; };
		19C80BCF1C5003FC000DFBA0 /* Error.swift */ = {isa = PBXFileReference; fileEncoding = 4; lastKnownFileType = sourcecode.swift; path = Error.swift; sourceTree = "<group>"; };
		19C80BD01C5003FC000DFBA0 /* Road.swift */ = {isa = PBXFileReference; fileEncoding = 4; lastKnownFileType = sourcecode.swift; path = Road.swift; sourceTree = "<group>"; };
		19C80BD11C5003FC000DFBA0 /* RoadType.swift */ = {isa = PBXFileReference; fileEncoding = 4; lastKnownFileType = sourcecode.swift; path = RoadType.swift; sourceTree = "<group>"; };
		19C80BD21C5003FC000DFBA0 /* Straight.swift */ = {isa = PBXFileReference; fileEncoding = 4; lastKnownFileType = sourcecode.swift; path = Straight.swift; sourceTree = "<group>"; };
		19C80BD31C5003FC000DFBA0 /* TJunction.swift */ = {isa = PBXFileReference; fileEncoding = 4; lastKnownFileType = sourcecode.swift; path = TJunction.swift; sourceTree = "<group>"; };
		19C80BD41C5003FC000DFBA0 /* Turn.swift */ = {isa = PBXFileReference; fileEncoding = 4; lastKnownFileType = sourcecode.swift; path = Turn.swift; sourceTree = "<group>"; };
		19C80BD51C5003FC000DFBA0 /* Tile.swift */ = {isa = PBXFileReference; fileEncoding = 4; lastKnownFileType = sourcecode.swift; path = Tile.swift; sourceTree = "<group>"; };
		19C80BE61C500416000DFBA0 /* CompassDirection.swift */ = {isa = PBXFileReference; fileEncoding = 4; lastKnownFileType = sourcecode.swift; path = CompassDirection.swift; sourceTree = "<group>"; };
		19C80BE71C500416000DFBA0 /* Coordinates.swift */ = {isa = PBXFileReference; fileEncoding = 4; lastKnownFileType = sourcecode.swift; path = Coordinates.swift; sourceTree = "<group>"; };
		19C80BE81C500416000DFBA0 /* Destination.swift */ = {isa = PBXFileReference; fileEncoding = 4; lastKnownFileType = sourcecode.swift; path = Destination.swift; sourceTree = "<group>"; };
		19C80BE91C500416000DFBA0 /* Direction.swift */ = {isa = PBXFileReference; fileEncoding = 4; lastKnownFileType = sourcecode.swift; path = Direction.swift; sourceTree = "<group>"; };
		19C80BEA1C500416000DFBA0 /* MapScene.swift */ = {isa = PBXFileReference; fileEncoding = 4; lastKnownFileType = sourcecode.swift; path = MapScene.swift; sourceTree = "<group>"; };
		19C80BEB1C500416000DFBA0 /* Node.swift */ = {isa = PBXFileReference; fileEncoding = 4; lastKnownFileType = sourcecode.swift; path = Node.swift; sourceTree = "<group>"; };
		19C80BEC1C500416000DFBA0 /* Origin.swift */ = {isa = PBXFileReference; fileEncoding = 4; lastKnownFileType = sourcecode.swift; path = Origin.swift; sourceTree = "<group>"; };
		19C80BED1C500416000DFBA0 /* Rotation.swift */ = {isa = PBXFileReference; fileEncoding = 4; lastKnownFileType = sourcecode.swift; path = Rotation.swift; sourceTree = "<group>"; };
		19C80BEE1C500416000DFBA0 /* WorldNode.swift */ = {isa = PBXFileReference; fileEncoding = 4; lastKnownFileType = sourcecode.swift; path = WorldNode.swift; sourceTree = "<group>"; };
		4E3915C524D4187AB82BC368 /* Pods_codeforlife_iosTests.framework */ = {isa = PBXFileReference; explicitFileType = wrapper.framework; includeInIndex = 0; path = Pods_codeforlife_iosTests.framework; sourceTree = BUILT_PRODUCTS_DIR; };
		7A870087E59B342A6EF1BED1 /* Pods.release.xcconfig */ = {isa = PBXFileReference; includeInIndex = 1; lastKnownFileType = text.xcconfig; name = Pods.release.xcconfig; path = "Pods/Target Support Files/Pods/Pods.release.xcconfig"; sourceTree = "<group>"; };
		D77FE0166D1735B9290ACD65 /* Pods.framework */ = {isa = PBXFileReference; explicitFileType = wrapper.framework; includeInIndex = 0; path = Pods.framework; sourceTree = BUILT_PRODUCTS_DIR; };
		D98E0ACB1B0824664611C8C0 /* Pods.debug.xcconfig */ = {isa = PBXFileReference; includeInIndex = 1; lastKnownFileType = text.xcconfig; name = Pods.debug.xcconfig; path = "Pods/Target Support Files/Pods/Pods.debug.xcconfig"; sourceTree = "<group>"; };
		ED06223F1B6256FC0062D3A5 /* LaunchScreenViewController.swift */ = {isa = PBXFileReference; fileEncoding = 4; lastKnownFileType = sourcecode.swift; path = LaunchScreenViewController.swift; sourceTree = "<group>"; };
		ED0622431B6259760062D3A5 /* CoreData.framework */ = {isa = PBXFileReference; lastKnownFileType = wrapper.framework; name = CoreData.framework; path = System/Library/Frameworks/CoreData.framework; sourceTree = SDKROOT; };
		ED0622791B625B3F0062D3A5 /* codeforlife-ios.xcdatamodel */ = {isa = PBXFileReference; lastKnownFileType = wrapper.xcdatamodel; path = "codeforlife-ios.xcdatamodel"; sourceTree = "<group>"; };
		ED0622A01B634C8B0062D3A5 /* StringExtension.swift */ = {isa = PBXFileReference; fileEncoding = 4; lastKnownFileType = sourcecode.swift; path = StringExtension.swift; sourceTree = "<group>"; };
		ED0BC58B1B305D720060FC84 /* codeforlife-ios.app */ = {isa = PBXFileReference; explicitFileType = wrapper.application; includeInIndex = 0; path = "codeforlife-ios.app"; sourceTree = BUILT_PRODUCTS_DIR; };
		ED0BC58F1B305D720060FC84 /* Info.plist */ = {isa = PBXFileReference; lastKnownFileType = text.plist.xml; path = Info.plist; sourceTree = "<group>"; };
		ED0BC5901B305D720060FC84 /* AppDelegate.swift */ = {isa = PBXFileReference; lastKnownFileType = sourcecode.swift; path = AppDelegate.swift; sourceTree = "<group>"; };
		ED0BC5951B305D720060FC84 /* Base */ = {isa = PBXFileReference; lastKnownFileType = file.storyboard; name = Base; path = Base.lproj/Main.storyboard; sourceTree = "<group>"; };
		ED0BC59A1B305D720060FC84 /* Base */ = {isa = PBXFileReference; lastKnownFileType = file.xib; name = Base; path = Base.lproj/LaunchScreen.xib; sourceTree = "<group>"; };
		ED0BC5A01B305D720060FC84 /* codeforlife-iosTests.xctest */ = {isa = PBXFileReference; explicitFileType = wrapper.cfbundle; includeInIndex = 0; path = "codeforlife-iosTests.xctest"; sourceTree = BUILT_PRODUCTS_DIR; };
		ED0BC5A51B305D720060FC84 /* Info.plist */ = {isa = PBXFileReference; lastKnownFileType = text.plist.xml; path = Info.plist; sourceTree = "<group>"; };
		ED0BC5B21B3062E60060FC84 /* GameViewController.swift */ = {isa = PBXFileReference; fileEncoding = 4; lastKnownFileType = sourcecode.swift; path = GameViewController.swift; sourceTree = "<group>"; };
		ED1484C71BB19166009C7D4D /* Config.swift */ = {isa = PBXFileReference; fileEncoding = 4; lastKnownFileType = sourcecode.swift; path = Config.swift; sourceTree = "<group>"; };
		ED1484D41BB1A38D009C7D4D /* CustomBlocklyFactory.swift */ = {isa = PBXFileReference; fileEncoding = 4; lastKnownFileType = sourcecode.swift; path = CustomBlocklyFactory.swift; sourceTree = "<group>"; };
		ED191B2A1B99D51C00E2627A /* ArrayExtension.swift */ = {isa = PBXFileReference; fileEncoding = 4; lastKnownFileType = sourcecode.swift; path = ArrayExtension.swift; sourceTree = "<group>"; };
		ED1A932B1B429567004E6AD4 /* GameMapViewController.swift */ = {isa = PBXFileReference; fileEncoding = 4; lastKnownFileType = sourcecode.swift; path = GameMapViewController.swift; sourceTree = "<group>"; };
		ED1A93391B42B02A004E6AD4 /* Images.xcassets */ = {isa = PBXFileReference; lastKnownFileType = folder.assetcatalog; name = Images.xcassets; path = "codeforlife-ios/Images.xcassets"; sourceTree = "<group>"; };
		ED1A93441B43D046004E6AD4 /* EpisodeViewController.swift */ = {isa = PBXFileReference; fileEncoding = 4; lastKnownFileType = sourcecode.swift; path = EpisodeViewController.swift; sourceTree = "<group>"; };
		ED1A934A1B43D215004E6AD4 /* EpisodeTableViewCell.swift */ = {isa = PBXFileReference; fileEncoding = 4; lastKnownFileType = sourcecode.swift; path = EpisodeTableViewCell.swift; sourceTree = "<group>"; };
		ED1EB06A1B32CF7700A595EF /* LevelTableViewController.swift */ = {isa = PBXFileReference; fileEncoding = 4; lastKnownFileType = sourcecode.swift; path = LevelTableViewController.swift; sourceTree = "<group>"; };
		ED4277C01BA1CC8D00665AB1 /* CoordinatesUnitTests.swift */ = {isa = PBXFileReference; fileEncoding = 4; lastKnownFileType = sourcecode.swift; path = CoordinatesUnitTests.swift; sourceTree = "<group>"; };
		ED4277C21BA1D13400665AB1 /* LaunchScreenViewControllerUnitTests.swift */ = {isa = PBXFileReference; fileEncoding = 4; lastKnownFileType = sourcecode.swift; path = LaunchScreenViewControllerUnitTests.swift; sourceTree = "<group>"; };
		ED4277C41BA2D63200665AB1 /* GameViewContollerUnitTests.swift */ = {isa = PBXFileReference; fileEncoding = 4; lastKnownFileType = sourcecode.swift; path = GameViewContollerUnitTests.swift; sourceTree = "<group>"; };
		ED5759F31B9EE9DE0093153E /* Constants.swift */ = {isa = PBXFileReference; fileEncoding = 4; lastKnownFileType = sourcecode.swift; path = Constants.swift; sourceTree = "<group>"; };
		ED575A5D1B9EEAE50093153E /* GameViewControllerDelegate.swift */ = {isa = PBXFileReference; fileEncoding = 4; lastKnownFileType = sourcecode.swift; path = GameViewControllerDelegate.swift; sourceTree = "<group>"; };
		ED575A5E1B9EEAE50093153E /* AnimationHandler.swift */ = {isa = PBXFileReference; fileEncoding = 4; lastKnownFileType = sourcecode.swift; path = AnimationHandler.swift; sourceTree = "<group>"; };
		ED575A5F1B9EEAE50093153E /* AnimationDelegate.swift */ = {isa = PBXFileReference; fileEncoding = 4; lastKnownFileType = sourcecode.swift; path = AnimationDelegate.swift; sourceTree = "<group>"; };
		ED575A611B9EEAE50093153E /* BlocklyHighlightAnimation.swift */ = {isa = PBXFileReference; fileEncoding = 4; lastKnownFileType = sourcecode.swift; path = BlocklyHighlightAnimation.swift; sourceTree = "<group>"; };
		ED575A621B9EEAE50093153E /* BlocklyHighlightIncorrectAnimation.swift */ = {isa = PBXFileReference; fileEncoding = 4; lastKnownFileType = sourcecode.swift; path = BlocklyHighlightIncorrectAnimation.swift; sourceTree = "<group>"; };
		ED575A6D1B9EEAE50093153E /* GameSoundAnimation.swift */ = {isa = PBXFileReference; fileEncoding = 4; lastKnownFileType = sourcecode.swift; path = GameSoundAnimation.swift; sourceTree = "<group>"; };
		ED575A6E1B9EEAE50093153E /* GameVanDeliverAnimation.swift */ = {isa = PBXFileReference; fileEncoding = 4; lastKnownFileType = sourcecode.swift; path = GameVanDeliverAnimation.swift; sourceTree = "<group>"; };
		ED575A6F1B9EEAE50093153E /* GameVanMoveForwardAnimation.swift */ = {isa = PBXFileReference; fileEncoding = 4; lastKnownFileType = sourcecode.swift; path = GameVanMoveForwardAnimation.swift; sourceTree = "<group>"; };
		ED575A701B9EEAE50093153E /* GameVanMoveForwardCrashAnimation.swift */ = {isa = PBXFileReference; fileEncoding = 4; lastKnownFileType = sourcecode.swift; path = GameVanMoveForwardCrashAnimation.swift; sourceTree = "<group>"; };
		ED575A711B9EEAE50093153E /* GameVanStartEngineAnimation.swift */ = {isa = PBXFileReference; fileEncoding = 4; lastKnownFileType = sourcecode.swift; path = GameVanStartEngineAnimation.swift; sourceTree = "<group>"; };
		ED575A721B9EEAE50093153E /* GameVanStopEngineAnimation.swift */ = {isa = PBXFileReference; fileEncoding = 4; lastKnownFileType = sourcecode.swift; path = GameVanStopEngineAnimation.swift; sourceTree = "<group>"; };
		ED575A731B9EEAE50093153E /* GameVanTurnLeftAnimation.swift */ = {isa = PBXFileReference; fileEncoding = 4; lastKnownFileType = sourcecode.swift; path = GameVanTurnLeftAnimation.swift; sourceTree = "<group>"; };
		ED575A741B9EEAE50093153E /* GameVanTurnLeftCrashAnimation.swift */ = {isa = PBXFileReference; fileEncoding = 4; lastKnownFileType = sourcecode.swift; path = GameVanTurnLeftCrashAnimation.swift; sourceTree = "<group>"; };
		ED575A751B9EEAE50093153E /* GameVanTurnRightAnimation.swift */ = {isa = PBXFileReference; fileEncoding = 4; lastKnownFileType = sourcecode.swift; path = GameVanTurnRightAnimation.swift; sourceTree = "<group>"; };
		ED575A761B9EEAE50093153E /* GameVanTurnRightCrashAnimation.swift */ = {isa = PBXFileReference; fileEncoding = 4; lastKnownFileType = sourcecode.swift; path = GameVanTurnRightCrashAnimation.swift; sourceTree = "<group>"; };
		ED575A7A1B9EEAE50093153E /* GameViewPopUpAnimation.swift */ = {isa = PBXFileReference; fileEncoding = 4; lastKnownFileType = sourcecode.swift; path = GameViewPopUpAnimation.swift; sourceTree = "<group>"; };
		ED575A7C1B9EEAE50093153E /* OnStopControlsAnimation.swift */ = {isa = PBXFileReference; fileEncoding = 4; lastKnownFileType = sourcecode.swift; path = OnStopControlsAnimation.swift; sourceTree = "<group>"; };
		ED575AC01B9EEAF60093153E /* crash.mp3 */ = {isa = PBXFileReference; lastKnownFileType = audio.mp3; path = crash.mp3; sourceTree = "<group>"; };
		ED575AC11B9EEAF60093153E /* delivery.mp3 */ = {isa = PBXFileReference; lastKnownFileType = audio.mp3; path = delivery.mp3; sourceTree = "<group>"; };
		ED575AC21B9EEAF60093153E /* failure.mp3 */ = {isa = PBXFileReference; lastKnownFileType = audio.mp3; path = failure.mp3; sourceTree = "<group>"; };
		ED575AC31B9EEAF60093153E /* moving.mp3 */ = {isa = PBXFileReference; lastKnownFileType = audio.mp3; path = moving.mp3; sourceTree = "<group>"; };
		ED575AC41B9EEAF60093153E /* starting.mp3 */ = {isa = PBXFileReference; lastKnownFileType = audio.mp3; path = starting.mp3; sourceTree = "<group>"; };
		ED575AC51B9EEAF60093153E /* tension.mp3 */ = {isa = PBXFileReference; lastKnownFileType = audio.mp3; path = tension.mp3; sourceTree = "<group>"; };
		ED575AC61B9EEAF60093153E /* win.mp3 */ = {isa = PBXFileReference; lastKnownFileType = audio.mp3; path = win.mp3; sourceTree = "<group>"; };
		ED575AD51B9EEB110093153E /* APIRequestDelegate.swift */ = {isa = PBXFileReference; fileEncoding = 4; lastKnownFileType = sourcecode.swift; path = APIRequestDelegate.swift; sourceTree = "<group>"; };
		ED575AD61B9EEB110093153E /* LoadEpisodesRequest.swift */ = {isa = PBXFileReference; fileEncoding = 4; lastKnownFileType = sourcecode.swift; path = LoadEpisodesRequest.swift; sourceTree = "<group>"; };
		ED575AD71B9EEB110093153E /* LoadEpisodesRequestMockDelegate.swift */ = {isa = PBXFileReference; fileEncoding = 4; lastKnownFileType = sourcecode.swift; path = LoadEpisodesRequestMockDelegate.swift; sourceTree = "<group>"; };
		ED575AD81B9EEB110093153E /* LoadLevelRequest.swift */ = {isa = PBXFileReference; fileEncoding = 4; lastKnownFileType = sourcecode.swift; path = LoadLevelRequest.swift; sourceTree = "<group>"; };
		ED575AD91B9EEB110093153E /* LoadLevelRequestMockDelegate.swift */ = {isa = PBXFileReference; fileEncoding = 4; lastKnownFileType = sourcecode.swift; path = LoadLevelRequestMockDelegate.swift; sourceTree = "<group>"; };
		ED575ADA1B9EEB110093153E /* LoadLevelsRequest.swift */ = {isa = PBXFileReference; fileEncoding = 4; lastKnownFileType = sourcecode.swift; path = LoadLevelsRequest.swift; sourceTree = "<group>"; };
		ED575ADB1B9EEB110093153E /* LoadLevelsRequestMockDelegate.swift */ = {isa = PBXFileReference; fileEncoding = 4; lastKnownFileType = sourcecode.swift; path = LoadLevelsRequestMockDelegate.swift; sourceTree = "<group>"; };
		ED575ADC1B9EEB110093153E /* LoadMapRequest.swift */ = {isa = PBXFileReference; fileEncoding = 4; lastKnownFileType = sourcecode.swift; path = LoadMapRequest.swift; sourceTree = "<group>"; };
		ED575ADD1B9EEB110093153E /* LoadMapRequestMockDelegate.swift */ = {isa = PBXFileReference; fileEncoding = 4; lastKnownFileType = sourcecode.swift; path = LoadMapRequestMockDelegate.swift; sourceTree = "<group>"; };
		ED575ADE1B9EEB110093153E /* Request.swift */ = {isa = PBXFileReference; fileEncoding = 4; lastKnownFileType = sourcecode.swift; path = Request.swift; sourceTree = "<group>"; };
		ED575ADF1B9EEB110093153E /* RequestDelegate.swift */ = {isa = PBXFileReference; fileEncoding = 4; lastKnownFileType = sourcecode.swift; path = RequestDelegate.swift; sourceTree = "<group>"; };
		ED575B0E1B9EECE70093153E /* BlockType.swift */ = {isa = PBXFileReference; fileEncoding = 4; lastKnownFileType = sourcecode.swift; path = BlockType.swift; sourceTree = "<group>"; };
		ED575B0F1B9EECE70093153E /* CDMap.swift */ = {isa = PBXFileReference; fileEncoding = 4; lastKnownFileType = sourcecode.swift; path = CDMap.swift; sourceTree = "<group>"; };
		ED575B101B9EECE70093153E /* DecorationType.swift */ = {isa = PBXFileReference; fileEncoding = 4; lastKnownFileType = sourcecode.swift; path = DecorationType.swift; sourceTree = "<group>"; };
		ED575B111B9EECE70093153E /* Episode.swift */ = {isa = PBXFileReference; fileEncoding = 4; lastKnownFileType = sourcecode.swift; path = Episode.swift; sourceTree = "<group>"; };
		ED575B121B9EECE70093153E /* Level.swift */ = {isa = PBXFileReference; fileEncoding = 4; lastKnownFileType = sourcecode.swift; path = Level.swift; sourceTree = "<group>"; };
		ED575B131B9EECE70093153E /* LevelBlock.swift */ = {isa = PBXFileReference; fileEncoding = 4; lastKnownFileType = sourcecode.swift; path = LevelBlock.swift; sourceTree = "<group>"; };
		ED575B141B9EECE70093153E /* LevelMode.swift */ = {isa = PBXFileReference; fileEncoding = 4; lastKnownFileType = sourcecode.swift; path = LevelMode.swift; sourceTree = "<group>"; };
		ED575B151B9EECE70093153E /* ThemeType.swift */ = {isa = PBXFileReference; fileEncoding = 4; lastKnownFileType = sourcecode.swift; path = ThemeType.swift; sourceTree = "<group>"; };
		ED575B4A1B9EEE1E0093153E /* GameMapView.swift */ = {isa = PBXFileReference; fileEncoding = 4; lastKnownFileType = sourcecode.swift; path = GameMapView.swift; sourceTree = "<group>"; };
		ED575B4B1B9EEE1E0093153E /* GameMenuView.swift */ = {isa = PBXFileReference; fileEncoding = 4; lastKnownFileType = sourcecode.swift; path = GameMenuView.swift; sourceTree = "<group>"; };
		ED575B501B9EEE2C0093153E /* LevelTitleLabel.swift */ = {isa = PBXFileReference; fileEncoding = 4; lastKnownFileType = sourcecode.swift; path = LevelTitleLabel.swift; sourceTree = "<group>"; };
		ED575B571B9F375D0093153E /* AnimationFactory.swift */ = {isa = PBXFileReference; fileEncoding = 4; lastKnownFileType = sourcecode.swift; path = AnimationFactory.swift; sourceTree = "<group>"; };
		ED575B781BA05D390093153E /* Animation.swift */ = {isa = PBXFileReference; fileEncoding = 4; lastKnownFileType = sourcecode.swift; path = Animation.swift; sourceTree = "<group>"; };
		ED575B7B1BA0638E0093153E /* MessageViewControllerDelegate.swift */ = {isa = PBXFileReference; fileEncoding = 4; lastKnownFileType = sourcecode.swift; path = MessageViewControllerDelegate.swift; sourceTree = "<group>"; };
		ED575B7E1BA065BC0093153E /* BlocklyViewControllerDelegate.swift */ = {isa = PBXFileReference; fileEncoding = 4; lastKnownFileType = sourcecode.swift; path = BlocklyViewControllerDelegate.swift; sourceTree = "<group>"; };
		ED575B811BA079B90093153E /* GameMenuViewControllerDelegate.swift */ = {isa = PBXFileReference; fileEncoding = 4; lastKnownFileType = sourcecode.swift; path = GameMenuViewControllerDelegate.swift; sourceTree = "<group>"; };
		ED575B841BA079CE0093153E /* MapSceneDelegate.swift */ = {isa = PBXFileReference; fileEncoding = 4; lastKnownFileType = sourcecode.swift; path = MapSceneDelegate.swift; sourceTree = "<group>"; };
		ED575B8A1BA07AD40093153E /* GameViewInteractionHandlerDelegate.swift */ = {isa = PBXFileReference; fileEncoding = 4; lastKnownFileType = sourcecode.swift; path = GameViewInteractionHandlerDelegate.swift; sourceTree = "<group>"; };
		ED575B8E1BA089850093153E /* codeforlife-ios-Bridging-Header.h */ = {isa = PBXFileReference; fileEncoding = 4; lastKnownFileType = sourcecode.c.h; name = "codeforlife-ios-Bridging-Header.h"; path = "../codeforlife-ios/codeforlife-ios-Bridging-Header.h"; sourceTree = "<group>"; };
		ED575B8F1BA089EC0093153E /* KIF+SwiftExtension.swift */ = {isa = PBXFileReference; fileEncoding = 4; lastKnownFileType = sourcecode.swift; path = "KIF+SwiftExtension.swift"; sourceTree = "<group>"; };
		ED575B971BA17A840093153E /* T1LaunchScreenViewControllerUITests.swift */ = {isa = PBXFileReference; fileEncoding = 4; lastKnownFileType = sourcecode.swift; path = T1LaunchScreenViewControllerUITests.swift; sourceTree = "<group>"; };
		ED575B991BA17B000093153E /* T2EpisodeViewControllerUITests.swift */ = {isa = PBXFileReference; fileEncoding = 4; lastKnownFileType = sourcecode.swift; path = T2EpisodeViewControllerUITests.swift; sourceTree = "<group>"; };
		ED575B9B1BA180260093153E /* T3LevelViewControllerUITests.swift */ = {isa = PBXFileReference; fileEncoding = 4; lastKnownFileType = sourcecode.swift; path = T3LevelViewControllerUITests.swift; sourceTree = "<group>"; };
		ED575B9D1BA184E70093153E /* T4GameViewControllerUITest.swift */ = {isa = PBXFileReference; fileEncoding = 4; lastKnownFileType = sourcecode.swift; path = T4GameViewControllerUITest.swift; sourceTree = "<group>"; };
		ED5D7E901B9D947A006723B3 /* InteractionHandler.swift */ = {isa = PBXFileReference; fileEncoding = 4; lastKnownFileType = sourcecode.swift; path = InteractionHandler.swift; sourceTree = "<group>"; };
		ED5D7EC11B9DBEAF006723B3 /* LevelTableViewCell.swift */ = {isa = PBXFileReference; fileEncoding = 4; lastKnownFileType = sourcecode.swift; path = LevelTableViewCell.swift; sourceTree = "<group>"; };
		ED6DC3BE1B5FC77B00EB6F22 /* EpisodeNavigationButton.swift */ = {isa = PBXFileReference; fileEncoding = 4; lastKnownFileType = sourcecode.swift; path = EpisodeNavigationButton.swift; sourceTree = "<group>"; };
		ED6F79891B3D565B00DD2AFE /* MessageViewController.swift */ = {isa = PBXFileReference; fileEncoding = 4; lastKnownFileType = sourcecode.swift; path = MessageViewController.swift; sourceTree = "<group>"; };
		ED6F79901B3D7D9200DD2AFE /* DirectDriveButton.swift */ = {isa = PBXFileReference; fileEncoding = 4; lastKnownFileType = sourcecode.swift; path = DirectDriveButton.swift; sourceTree = "<group>"; };
		ED6F79931B3D866F00DD2AFE /* Message.swift */ = {isa = PBXFileReference; fileEncoding = 4; lastKnownFileType = sourcecode.swift; path = Message.swift; sourceTree = "<group>"; };
		ED6F79961B3D9DF000DD2AFE /* HelpMessage.swift */ = {isa = PBXFileReference; fileEncoding = 4; lastKnownFileType = sourcecode.swift; path = HelpMessage.swift; sourceTree = "<group>"; };
		ED8AEB9A1B5FE8020049EA8D /* AVFoundation.framework */ = {isa = PBXFileReference; lastKnownFileType = wrapper.framework; name = AVFoundation.framework; path = System/Library/Frameworks/AVFoundation.framework; sourceTree = SDKROOT; };
		ED90B4461B60D6920076B70D /* CGPointExtension.swift */ = {isa = PBXFileReference; fileEncoding = 4; lastKnownFileType = sourcecode.swift; path = CGPointExtension.swift; sourceTree = "<group>"; };
		EDA47C3A1B441E35003356AB /* EpisodeTableView.swift */ = {isa = PBXFileReference; fileEncoding = 4; lastKnownFileType = sourcecode.swift; path = EpisodeTableView.swift; sourceTree = "<group>"; };
		EDA47C3E1B442411003356AB /* LevelBackButton.swift */ = {isa = PBXFileReference; fileEncoding = 4; lastKnownFileType = sourcecode.swift; path = LevelBackButton.swift; sourceTree = "<group>"; };
		EDA47C411B442798003356AB /* LevelTableView.swift */ = {isa = PBXFileReference; fileEncoding = 4; lastKnownFileType = sourcecode.swift; path = LevelTableView.swift; sourceTree = "<group>"; };
		EDA47C441B442A1E003356AB /* Configurations.swift */ = {isa = PBXFileReference; fileEncoding = 4; lastKnownFileType = sourcecode.swift; name = Configurations.swift; path = ../Configurations.swift; sourceTree = "<group>"; };
		EDAEFBAA1B384EE9003398EE /* GameViewInteractionHandler.swift */ = {isa = PBXFileReference; fileEncoding = 4; lastKnownFileType = sourcecode.swift; path = GameViewInteractionHandler.swift; sourceTree = "<group>"; };
		EDBB668F1B3B009C009020A5 /* GameMenuViewController.swift */ = {isa = PBXFileReference; fileEncoding = 4; lastKnownFileType = sourcecode.swift; path = GameMenuViewController.swift; sourceTree = "<group>"; };
		EDBB66961B3C0A61009020A5 /* BlockTableViewController.swift */ = {isa = PBXFileReference; fileEncoding = 4; lastKnownFileType = sourcecode.swift; path = BlockTableViewController.swift; sourceTree = "<group>"; };
		EDBB66981B3C0B34009020A5 /* BlockTableViewCell.swift */ = {isa = PBXFileReference; fileEncoding = 4; lastKnownFileType = sourcecode.swift; path = BlockTableViewCell.swift; sourceTree = "<group>"; };
		EDC8C1F01B369D3C004B1358 /* GameViewButton.swift */ = {isa = PBXFileReference; fileEncoding = 4; lastKnownFileType = sourcecode.swift; path = GameViewButton.swift; sourceTree = "<group>"; };
		EDDF0F0C1B416C4E00F2D779 /* PreGameMessageView.xib */ = {isa = PBXFileReference; fileEncoding = 4; lastKnownFileType = file.xib; path = PreGameMessageView.xib; sourceTree = "<group>"; };
		EDDF0F101B416DD300F2D779 /* PreGameMessageView.swift */ = {isa = PBXFileReference; fileEncoding = 4; lastKnownFileType = sourcecode.swift; path = PreGameMessageView.swift; sourceTree = "<group>"; };
		EDDF0F141B41783F00F2D779 /* PreGameMessage.swift */ = {isa = PBXFileReference; fileEncoding = 4; lastKnownFileType = sourcecode.swift; path = PreGameMessage.swift; sourceTree = "<group>"; };
		EDDF0F1B1B417B6100F2D779 /* ErrorMessageView.xib */ = {isa = PBXFileReference; fileEncoding = 4; lastKnownFileType = file.xib; path = ErrorMessageView.xib; sourceTree = "<group>"; };
		EDDF0F1E1B417DBC00F2D779 /* ErrorMessageView.swift */ = {isa = PBXFileReference; fileEncoding = 4; lastKnownFileType = sourcecode.swift; path = ErrorMessageView.swift; sourceTree = "<group>"; };
		EDFE93391B41804900E01322 /* FailMessage.swift */ = {isa = PBXFileReference; fileEncoding = 4; lastKnownFileType = sourcecode.swift; path = FailMessage.swift; sourceTree = "<group>"; };
		EDFE933C1B4181FF00E01322 /* PostGameMessageView.swift */ = {isa = PBXFileReference; fileEncoding = 4; lastKnownFileType = sourcecode.swift; path = PostGameMessageView.swift; sourceTree = "<group>"; };
		EDFE933F1B41820A00E01322 /* HelpMessageView.swift */ = {isa = PBXFileReference; fileEncoding = 4; lastKnownFileType = sourcecode.swift; path = HelpMessageView.swift; sourceTree = "<group>"; };
		EDFE93421B41821A00E01322 /* PostGameMessageView.xib */ = {isa = PBXFileReference; fileEncoding = 4; lastKnownFileType = file.xib; path = PostGameMessageView.xib; sourceTree = "<group>"; };
		EDFE93451B41822600E01322 /* HelpMessageView.xib */ = {isa = PBXFileReference; fileEncoding = 4; lastKnownFileType = file.xib; path = HelpMessageView.xib; sourceTree = "<group>"; };
		EDFE93481B41826A00E01322 /* PostGameMessage.swift */ = {isa = PBXFileReference; fileEncoding = 4; lastKnownFileType = sourcecode.swift; path = PostGameMessage.swift; sourceTree = "<group>"; };
		EDFE934B1B4182E200E01322 /* MessageView.swift */ = {isa = PBXFileReference; fileEncoding = 4; lastKnownFileType = sourcecode.swift; path = MessageView.swift; sourceTree = "<group>"; };
/* End PBXFileReference section */

/* Begin PBXFrameworksBuildPhase section */
		ED0BC5881B305D720060FC84 /* Frameworks */ = {
			isa = PBXFrameworksBuildPhase;
			buildActionMask = 2147483647;
			files = (
				ED0622441B6259760062D3A5 /* CoreData.framework in Frameworks */,
				ED8AEB9B1B5FE8020049EA8D /* AVFoundation.framework in Frameworks */,
				B0CCFEA4F2910304EE9341B2 /* Pods.framework in Frameworks */,
			);
			runOnlyForDeploymentPostprocessing = 0;
		};
		ED0BC59D1B305D720060FC84 /* Frameworks */ = {
			isa = PBXFrameworksBuildPhase;
			buildActionMask = 2147483647;
			files = (
				68551E6CF0BF93CECF16DB9E /* Pods.framework in Frameworks */,
				4CD66AD011DAAB35F28CAFB8 /* Pods_codeforlife_iosTests.framework in Frameworks */,
			);
			runOnlyForDeploymentPostprocessing = 0;
		};
/* End PBXFrameworksBuildPhase section */

/* Begin PBXGroup section */
		19C80BC31C5003FC000DFBA0 /* Objects */ = {
			isa = PBXGroup;
			children = (
				19C80BC41C5003FC000DFBA0 /* GameObject.swift */,
				19C80BC51C5003FC000DFBA0 /* MovableGameObjects */,
				19C80BC81C5003FC000DFBA0 /* NonMovableGameObjects */,
			);
			name = Objects;
			path = "codeforlife-ios/GameScenes/Objects";
			sourceTree = SOURCE_ROOT;
		};
		19C80BC51C5003FC000DFBA0 /* MovableGameObjects */ = {
			isa = PBXGroup;
			children = (
				19C80BC61C5003FC000DFBA0 /* MovableGameObject.swift */,
				19C80BC71C5003FC000DFBA0 /* Van.swift */,
			);
			path = MovableGameObjects;
			sourceTree = "<group>";
		};
		19C80BC81C5003FC000DFBA0 /* NonMovableGameObjects */ = {
			isa = PBXGroup;
			children = (
				19C80BC91C5003FC000DFBA0 /* CFC.swift */,
				19C80BCA1C5003FC000DFBA0 /* Decoration.swift */,
				19C80BCB1C5003FC000DFBA0 /* House.swift */,
				19C80BCC1C5003FC000DFBA0 /* Roads */,
				19C80BD51C5003FC000DFBA0 /* Tile.swift */,
			);
			path = NonMovableGameObjects;
			sourceTree = "<group>";
		};
		19C80BCC1C5003FC000DFBA0 /* Roads */ = {
			isa = PBXGroup;
			children = (
				19C80BCD1C5003FC000DFBA0 /* CrossRoads.swift */,
				19C80BCE1C5003FC000DFBA0 /* DeadEnd.swift */,
				19C80BCF1C5003FC000DFBA0 /* Error.swift */,
				19C80BD01C5003FC000DFBA0 /* Road.swift */,
				19C80BD11C5003FC000DFBA0 /* RoadType.swift */,
				19C80BD21C5003FC000DFBA0 /* Straight.swift */,
				19C80BD31C5003FC000DFBA0 /* TJunction.swift */,
				19C80BD41C5003FC000DFBA0 /* Turn.swift */,
			);
			path = Roads;
			sourceTree = "<group>";
		};
		19C80BE51C500416000DFBA0 /* Models */ = {
			isa = PBXGroup;
			children = (
				19C80BE61C500416000DFBA0 /* CompassDirection.swift */,
				19C80BE71C500416000DFBA0 /* Coordinates.swift */,
				19C80BE81C500416000DFBA0 /* Destination.swift */,
				19C80BE91C500416000DFBA0 /* Direction.swift */,
				19C80BEA1C500416000DFBA0 /* MapScene.swift */,
				19C80BEB1C500416000DFBA0 /* Node.swift */,
				19C80BEC1C500416000DFBA0 /* Origin.swift */,
				19C80BED1C500416000DFBA0 /* Rotation.swift */,
				19C80BEE1C500416000DFBA0 /* WorldNode.swift */,
			);
			name = Models;
			path = "codeforlife-ios/GameScenes/Models";
			sourceTree = SOURCE_ROOT;
		};
		61C117FDD7A1D26AE44D9944 /* Frameworks */ = {
			isa = PBXGroup;
			children = (
				ED0622431B6259760062D3A5 /* CoreData.framework */,
				ED8AEB9A1B5FE8020049EA8D /* AVFoundation.framework */,
				D77FE0166D1735B9290ACD65 /* Pods.framework */,
				4E3915C524D4187AB82BC368 /* Pods_codeforlife_iosTests.framework */,
			);
			name = Frameworks;
			sourceTree = "<group>";
		};
		C2AF43A393D5AF94DEDD107C /* Pods */ = {
			isa = PBXGroup;
			children = (
				D98E0ACB1B0824664611C8C0 /* Pods.debug.xcconfig */,
				7A870087E59B342A6EF1BED1 /* Pods.release.xcconfig */,
			);
			name = Pods;
			sourceTree = "<group>";
		};
		ED0622B21B666CF80062D3A5 /* Core Data */ = {
			isa = PBXGroup;
			children = (
				ED575B0E1B9EECE70093153E /* BlockType.swift */,
				ED1484C71BB19166009C7D4D /* Config.swift */,
				ED575B0F1B9EECE70093153E /* CDMap.swift */,
				ED575B101B9EECE70093153E /* DecorationType.swift */,
				ED575B111B9EECE70093153E /* Episode.swift */,
				ED575B121B9EECE70093153E /* Level.swift */,
				ED575B131B9EECE70093153E /* LevelBlock.swift */,
				ED575B141B9EECE70093153E /* LevelMode.swift */,
				ED575B151B9EECE70093153E /* ThemeType.swift */,
			);
			name = "Core Data";
			path = CoreData;
			sourceTree = "<group>";
		};
		ED0A77051B34553000267191 /* Views */ = {
			isa = PBXGroup;
			children = (
				EDD1A2C01B4FCDF5001A82A2 /* ControllerViews */,
				EDD1A2BF1B4FCDD1001A82A2 /* LabelViews */,
				EDA47C3D1B4423EE003356AB /* Buttons */,
				ED1A93611B43FEF9004E6AD4 /* MessageViews */,
				ED1A93601B43FEE1004E6AD4 /* TableViews */,
				ED1A935F1B43FB50004E6AD4 /* TableViewCells */,
				EDDF0F1A1B417B3200F2D779 /* xib */,
			);
			path = Views;
			sourceTree = "<group>";
		};
		ED0BC5821B305D720060FC84 = {
			isa = PBXGroup;
			children = (
				ED1A93391B42B02A004E6AD4 /* Images.xcassets */,
				ED0BC58D1B305D720060FC84 /* codeforlife-ios */,
				ED0BC5A31B305D720060FC84 /* codeforlife-iosTests */,
				ED0BC58C1B305D720060FC84 /* Products */,
				C2AF43A393D5AF94DEDD107C /* Pods */,
				61C117FDD7A1D26AE44D9944 /* Frameworks */,
			);
			sourceTree = "<group>";
		};
		ED0BC58C1B305D720060FC84 /* Products */ = {
			isa = PBXGroup;
			children = (
				ED0BC58B1B305D720060FC84 /* codeforlife-ios.app */,
				ED0BC5A01B305D720060FC84 /* codeforlife-iosTests.xctest */,
			);
			name = Products;
			sourceTree = "<group>";
		};
		ED0BC58D1B305D720060FC84 /* codeforlife-ios */ = {
			isa = PBXGroup;
			children = (
				ED0622B21B666CF80062D3A5 /* Core Data */,
				EF41E60503222496376BD198 /* Models */,
				ED1A93311B42A96B004E6AD4 /* GameScenes */,
				EDFF14DE1B316EA900962C68 /* Controllers */,
				ED0A77051B34553000267191 /* Views */,
				ED90B4451B60D5B00076B70D /* Library */,
				ED0BC5941B305D720060FC84 /* Main.storyboard */,
				ED0BC5991B305D720060FC84 /* LaunchScreen.xib */,
				ED0BC5901B305D720060FC84 /* AppDelegate.swift */,
				ED0622781B625B3F0062D3A5 /* codeforlife-ios.xcdatamodeld */,
				ED0BC58F1B305D720060FC84 /* Info.plist */,
			);
			path = "codeforlife-ios";
			sourceTree = "<group>";
		};
		ED0BC5A31B305D720060FC84 /* codeforlife-iosTests */ = {
			isa = PBXGroup;
			children = (
				ED4277BD1BA1C4EB00665AB1 /* Unit Tests */,
				ED575B961BA17A580093153E /* UI Tests */,
				ED0BC5A41B305D720060FC84 /* Supporting Files */,
			);
			path = "codeforlife-iosTests";
			sourceTree = "<group>";
		};
		ED0BC5A41B305D720060FC84 /* Supporting Files */ = {
			isa = PBXGroup;
			children = (
				ED575B8F1BA089EC0093153E /* KIF+SwiftExtension.swift */,
				ED575B8E1BA089850093153E /* codeforlife-ios-Bridging-Header.h */,
				ED0BC5A51B305D720060FC84 /* Info.plist */,
			);
			name = "Supporting Files";
			sourceTree = "<group>";
		};
		ED1A93311B42A96B004E6AD4 /* GameScenes */ = {
			isa = PBXGroup;
			children = (
				19C80BE51C500416000DFBA0 /* Models */,
				19C80BC31C5003FC000DFBA0 /* Objects */,
			);
			name = GameScenes;
			path = "/Users/joey.chan/Documents/c4l/codeforlife-ios/codeforlife-ios/Views/GameScenes";
			sourceTree = "<absolute>";
		};
		ED1A934D1B43D32C004E6AD4 /* Messages */ = {
			isa = PBXGroup;
			children = (
				ED6F79931B3D866F00DD2AFE /* Message.swift */,
				EDFE93391B41804900E01322 /* FailMessage.swift */,
				ED6F79961B3D9DF000DD2AFE /* HelpMessage.swift */,
				EDFE93481B41826A00E01322 /* PostGameMessage.swift */,
				EDDF0F141B41783F00F2D779 /* PreGameMessage.swift */,
			);
			name = Messages;
			path = "codeforlife-ios/Models/Messages";
			sourceTree = SOURCE_ROOT;
		};
		ED1A935F1B43FB50004E6AD4 /* TableViewCells */ = {
			isa = PBXGroup;
			children = (
				ED1A934A1B43D215004E6AD4 /* EpisodeTableViewCell.swift */,
				EDBB66981B3C0B34009020A5 /* BlockTableViewCell.swift */,
				ED5D7EC11B9DBEAF006723B3 /* LevelTableViewCell.swift */,
			);
			path = TableViewCells;
			sourceTree = "<group>";
		};
		ED1A93601B43FEE1004E6AD4 /* TableViews */ = {
			isa = PBXGroup;
			children = (
				EDA47C3A1B441E35003356AB /* EpisodeTableView.swift */,
				EDA47C411B442798003356AB /* LevelTableView.swift */,
			);
			path = TableViews;
			sourceTree = "<group>";
		};
		ED1A93611B43FEF9004E6AD4 /* MessageViews */ = {
			isa = PBXGroup;
			children = (
				EDFE934B1B4182E200E01322 /* MessageView.swift */,
				EDDF0F101B416DD300F2D779 /* PreGameMessageView.swift */,
				EDDF0F1E1B417DBC00F2D779 /* ErrorMessageView.swift */,
				EDFE933C1B4181FF00E01322 /* PostGameMessageView.swift */,
				EDFE933F1B41820A00E01322 /* HelpMessageView.swift */,
			);
			path = MessageViews;
			sourceTree = "<group>";
		};
		ED1EB0621B32C09800A595EF /* Requests */ = {
			isa = PBXGroup;
			children = (
				ED575AD51B9EEB110093153E /* APIRequestDelegate.swift */,
				ED575AD61B9EEB110093153E /* LoadEpisodesRequest.swift */,
				ED575AD71B9EEB110093153E /* LoadEpisodesRequestMockDelegate.swift */,
				ED575AD81B9EEB110093153E /* LoadLevelRequest.swift */,
				ED575AD91B9EEB110093153E /* LoadLevelRequestMockDelegate.swift */,
				ED575ADA1B9EEB110093153E /* LoadLevelsRequest.swift */,
				ED575ADB1B9EEB110093153E /* LoadLevelsRequestMockDelegate.swift */,
				ED575ADC1B9EEB110093153E /* LoadMapRequest.swift */,
				ED575ADD1B9EEB110093153E /* LoadMapRequestMockDelegate.swift */,
				ED575ADE1B9EEB110093153E /* Request.swift */,
				ED575ADF1B9EEB110093153E /* RequestDelegate.swift */,
			);
			name = Requests;
			path = "codeforlife-ios/Models/Requests";
			sourceTree = SOURCE_ROOT;
		};
		ED236EA11B341CF800B63380 /* Delegates */ = {
			isa = PBXGroup;
			children = (
				ED575A5F1B9EEAE50093153E /* AnimationDelegate.swift */,
				ED575B7E1BA065BC0093153E /* BlocklyViewControllerDelegate.swift */,
				ED575B811BA079B90093153E /* GameMenuViewControllerDelegate.swift */,
				ED575A5D1B9EEAE50093153E /* GameViewControllerDelegate.swift */,
				ED575B8A1BA07AD40093153E /* GameViewInteractionHandlerDelegate.swift */,
				ED575B841BA079CE0093153E /* MapSceneDelegate.swift */,
				ED575B7B1BA0638E0093153E /* MessageViewControllerDelegate.swift */,
			);
			name = Delegates;
			path = "codeforlife-ios/Models/Delegates";
			sourceTree = SOURCE_ROOT;
		};
		ED4277BD1BA1C4EB00665AB1 /* Unit Tests */ = {
			isa = PBXGroup;
			children = (
				ED4277C01BA1CC8D00665AB1 /* CoordinatesUnitTests.swift */,
				ED4277C21BA1D13400665AB1 /* LaunchScreenViewControllerUnitTests.swift */,
				ED4277C41BA2D63200665AB1 /* GameViewContollerUnitTests.swift */,
			);
			path = "Unit Tests";
			sourceTree = "<group>";
		};
		ED575ABF1B9EEAED0093153E /* Sounds */ = {
			isa = PBXGroup;
			children = (
				ED575AC01B9EEAF60093153E /* crash.mp3 */,
				ED575AC11B9EEAF60093153E /* delivery.mp3 */,
				ED575AC21B9EEAF60093153E /* failure.mp3 */,
				ED575AC31B9EEAF60093153E /* moving.mp3 */,
				ED575AC41B9EEAF60093153E /* starting.mp3 */,
				ED575AC51B9EEAF60093153E /* tension.mp3 */,
				ED575AC61B9EEAF60093153E /* win.mp3 */,
			);
			path = Sounds;
			sourceTree = "<group>";
		};
		ED575B531B9F2ACB0093153E /* Animations */ = {
			isa = PBXGroup;
			children = (
				ED575ABF1B9EEAED0093153E /* Sounds */,
				ED575B781BA05D390093153E /* Animation.swift */,
				ED575A5E1B9EEAE50093153E /* AnimationHandler.swift */,
				ED575B571B9F375D0093153E /* AnimationFactory.swift */,
				ED575A611B9EEAE50093153E /* BlocklyHighlightAnimation.swift */,
				ED575A621B9EEAE50093153E /* BlocklyHighlightIncorrectAnimation.swift */,
				ED575A6D1B9EEAE50093153E /* GameSoundAnimation.swift */,
				ED575A6E1B9EEAE50093153E /* GameVanDeliverAnimation.swift */,
				ED575A6F1B9EEAE50093153E /* GameVanMoveForwardAnimation.swift */,
				ED575A701B9EEAE50093153E /* GameVanMoveForwardCrashAnimation.swift */,
				ED575A711B9EEAE50093153E /* GameVanStartEngineAnimation.swift */,
				ED575A721B9EEAE50093153E /* GameVanStopEngineAnimation.swift */,
				ED575A731B9EEAE50093153E /* GameVanTurnLeftAnimation.swift */,
				ED575A741B9EEAE50093153E /* GameVanTurnLeftCrashAnimation.swift */,
				ED575A751B9EEAE50093153E /* GameVanTurnRightAnimation.swift */,
				ED575A761B9EEAE50093153E /* GameVanTurnRightCrashAnimation.swift */,
				ED575A7A1B9EEAE50093153E /* GameViewPopUpAnimation.swift */,
				ED575A7C1B9EEAE50093153E /* OnStopControlsAnimation.swift */,
			);
			name = Animations;
			path = "codeforlife-ios/Models/Animations";
			sourceTree = SOURCE_ROOT;
		};
		ED575B961BA17A580093153E /* UI Tests */ = {
			isa = PBXGroup;
			children = (
				ED575B971BA17A840093153E /* T1LaunchScreenViewControllerUITests.swift */,
				ED575B991BA17B000093153E /* T2EpisodeViewControllerUITests.swift */,
				ED575B9B1BA180260093153E /* T3LevelViewControllerUITests.swift */,
				ED575B9D1BA184E70093153E /* T4GameViewControllerUITest.swift */,
			);
			name = "UI Tests";
			path = UITests;
			sourceTree = "<group>";
		};
		ED5D7E8F1B9D944D006723B3 /* InteractionHandler */ = {
			isa = PBXGroup;
			children = (
				ED5D7E901B9D947A006723B3 /* InteractionHandler.swift */,
				EDAEFBAA1B384EE9003398EE /* GameViewInteractionHandler.swift */,
			);
			path = InteractionHandler;
			sourceTree = "<group>";
		};
		ED90B4451B60D5B00076B70D /* Library */ = {
			isa = PBXGroup;
			children = (
				ED90B4461B60D6920076B70D /* CGPointExtension.swift */,
				ED0622A01B634C8B0062D3A5 /* StringExtension.swift */,
				ED191B2A1B99D51C00E2627A /* ArrayExtension.swift */,
			);
			path = Library;
			sourceTree = "<group>";
		};
		EDA47C3D1B4423EE003356AB /* Buttons */ = {
			isa = PBXGroup;
			children = (
				EDC8C1F01B369D3C004B1358 /* GameViewButton.swift */,
				ED6F79901B3D7D9200DD2AFE /* DirectDriveButton.swift */,
				EDA47C3E1B442411003356AB /* LevelBackButton.swift */,
				ED6DC3BE1B5FC77B00EB6F22 /* EpisodeNavigationButton.swift */,
			);
			path = Buttons;
			sourceTree = "<group>";
		};
		EDD1A2BF1B4FCDD1001A82A2 /* LabelViews */ = {
			isa = PBXGroup;
			children = (
				ED575B501B9EEE2C0093153E /* LevelTitleLabel.swift */,
			);
			path = LabelViews;
			sourceTree = "<group>";
		};
		EDD1A2C01B4FCDF5001A82A2 /* ControllerViews */ = {
			isa = PBXGroup;
			children = (
				ED575B4A1B9EEE1E0093153E /* GameMapView.swift */,
				ED575B4B1B9EEE1E0093153E /* GameMenuView.swift */,
			);
			path = ControllerViews;
			sourceTree = "<group>";
		};
		EDDF0F1A1B417B3200F2D779 /* xib */ = {
			isa = PBXGroup;
			children = (
				EDDF0F0C1B416C4E00F2D779 /* PreGameMessageView.xib */,
				EDDF0F1B1B417B6100F2D779 /* ErrorMessageView.xib */,
				EDFE93421B41821A00E01322 /* PostGameMessageView.xib */,
				EDFE93451B41822600E01322 /* HelpMessageView.xib */,
			);
			path = xib;
			sourceTree = "<group>";
		};
		EDFF14DE1B316EA900962C68 /* Controllers */ = {
			isa = PBXGroup;
			children = (
				EDBB66961B3C0A61009020A5 /* BlockTableViewController.swift */,
				ED1A93441B43D046004E6AD4 /* EpisodeViewController.swift */,
				ED1A932B1B429567004E6AD4 /* GameMapViewController.swift */,
				EDBB668F1B3B009C009020A5 /* GameMenuViewController.swift */,
				ED0BC5B21B3062E60060FC84 /* GameViewController.swift */,
				ED06223F1B6256FC0062D3A5 /* LaunchScreenViewController.swift */,
				ED1EB06A1B32CF7700A595EF /* LevelTableViewController.swift */,
				ED6F79891B3D565B00DD2AFE /* MessageViewController.swift */,
			);
			path = Controllers;
			sourceTree = "<group>";
		};
		EF41E60503222496376BD198 /* Models */ = {
			isa = PBXGroup;
			children = (
				ED5759F31B9EE9DE0093153E /* Constants.swift */,
				EDA47C441B442A1E003356AB /* Configurations.swift */,
				ED1484D41BB1A38D009C7D4D /* CustomBlocklyFactory.swift */,
				ED5D7E8F1B9D944D006723B3 /* InteractionHandler */,
				ED236EA11B341CF800B63380 /* Delegates */,
				ED575B531B9F2ACB0093153E /* Animations */,
				ED1A934D1B43D32C004E6AD4 /* Messages */,
				ED1EB0621B32C09800A595EF /* Requests */,
			);
			path = Models;
			sourceTree = "<group>";
		};
/* End PBXGroup section */

/* Begin PBXNativeTarget section */
		ED0BC58A1B305D720060FC84 /* codeforlife-ios */ = {
			isa = PBXNativeTarget;
			buildConfigurationList = ED0BC5AA1B305D720060FC84 /* Build configuration list for PBXNativeTarget "codeforlife-ios" */;
			buildPhases = (
				228301655C29CD40002A4D48 /* Check Pods Manifest.lock */,
				ED0BC5871B305D720060FC84 /* Sources */,
				ED0BC5881B305D720060FC84 /* Frameworks */,
				ED0BC5891B305D720060FC84 /* Resources */,
				6B0A2E8A54BBF6754D40DF7C /* Embed Pods Frameworks */,
				BAA1180D204418E4679A6A4F /* Copy Pods Resources */,
				ED1484C41BAFF436009C7D4D /* ShellScript */,
			);
			buildRules = (
			);
			dependencies = (
			);
			name = "codeforlife-ios";
			productName = "codeforlife-ios";
			productReference = ED0BC58B1B305D720060FC84 /* codeforlife-ios.app */;
			productType = "com.apple.product-type.application";
		};
		ED0BC59F1B305D720060FC84 /* codeforlife-iosTests */ = {
			isa = PBXNativeTarget;
			buildConfigurationList = ED0BC5AD1B305D720060FC84 /* Build configuration list for PBXNativeTarget "codeforlife-iosTests" */;
			buildPhases = (
				CF930301A445C012281422BE /* Check Pods Manifest.lock */,
				ED0BC59C1B305D720060FC84 /* Sources */,
				ED0BC59D1B305D720060FC84 /* Frameworks */,
				ED0BC59E1B305D720060FC84 /* Resources */,
				BCA94195FE6DB8B3A167CCB7 /* Embed Pods Frameworks */,
				DEE212389A5F6A19A8B06654 /* Copy Pods Resources */,
			);
			buildRules = (
			);
			dependencies = (
				ED0BC5A21B305D720060FC84 /* PBXTargetDependency */,
			);
			name = "codeforlife-iosTests";
			productName = "codeforlife-iosTests";
			productReference = ED0BC5A01B305D720060FC84 /* codeforlife-iosTests.xctest */;
			productType = "com.apple.product-type.bundle.unit-test";
		};
/* End PBXNativeTarget section */

/* Begin PBXProject section */
		ED0BC5831B305D720060FC84 /* Project object */ = {
			isa = PBXProject;
			attributes = {
				LastSwiftMigration = 0730;
				LastSwiftUpdateCheck = 0730;
				LastUpgradeCheck = 0730;
				ORGANIZATIONNAME = "Joey Chan";
				TargetAttributes = {
					ED0BC58A1B305D720060FC84 = {
						CreatedOnToolsVersion = 6.3.2;
						DevelopmentTeam = N7ZF4N38C3;
					};
					ED0BC59F1B305D720060FC84 = {
						CreatedOnToolsVersion = 6.3.2;
						TestTargetID = ED0BC58A1B305D720060FC84;
					};
				};
			};
			buildConfigurationList = ED0BC5861B305D720060FC84 /* Build configuration list for PBXProject "codeforlife-ios" */;
			compatibilityVersion = "Xcode 3.2";
			developmentRegion = English;
			hasScannedForEncodings = 0;
			knownRegions = (
				en,
				Base,
			);
			mainGroup = ED0BC5821B305D720060FC84;
			productRefGroup = ED0BC58C1B305D720060FC84 /* Products */;
			projectDirPath = "";
			projectRoot = "";
			targets = (
				ED0BC58A1B305D720060FC84 /* codeforlife-ios */,
				ED0BC59F1B305D720060FC84 /* codeforlife-iosTests */,
			);
		};
/* End PBXProject section */

/* Begin PBXResourcesBuildPhase section */
		ED0BC5891B305D720060FC84 /* Resources */ = {
			isa = PBXResourcesBuildPhase;
			buildActionMask = 2147483647;
			files = (
				ED575AC91B9EEAF60093153E /* delivery.mp3 in Resources */,
				ED575AC71B9EEAF60093153E /* crash.mp3 in Resources */,
				EDDF0F1C1B417B6100F2D779 /* ErrorMessageView.xib in Resources */,
				ED575ACB1B9EEAF60093153E /* failure.mp3 in Resources */,
				EDFE93461B41822600E01322 /* HelpMessageView.xib in Resources */,
				ED575ACD1B9EEAF60093153E /* moving.mp3 in Resources */,
				ED575ACF1B9EEAF60093153E /* starting.mp3 in Resources */,
				ED0BC5961B305D720060FC84 /* Main.storyboard in Resources */,
				ED575AD31B9EEAF60093153E /* win.mp3 in Resources */,
				1965F7451C501F1500D570E2 /* Images.xcassets in Resources */,
				ED575AD11B9EEAF60093153E /* tension.mp3 in Resources */,
				ED0BC59B1B305D720060FC84 /* LaunchScreen.xib in Resources */,
				EDDF0F0D1B416C4E00F2D779 /* PreGameMessageView.xib in Resources */,
				EDFE93431B41821A00E01322 /* PostGameMessageView.xib in Resources */,
			);
			runOnlyForDeploymentPostprocessing = 0;
		};
		ED0BC59E1B305D720060FC84 /* Resources */ = {
			isa = PBXResourcesBuildPhase;
			buildActionMask = 2147483647;
			files = (
				EDDF0F121B416E4700F2D779 /* PreGameMessageView.xib in Resources */,
				ED575AD21B9EEAF60093153E /* tension.mp3 in Resources */,
				ED575AC81B9EEAF60093153E /* crash.mp3 in Resources */,
				1965F7461C501F1600D570E2 /* Images.xcassets in Resources */,
				ED575AD01B9EEAF60093153E /* starting.mp3 in Resources */,
				EDFE93471B41822600E01322 /* HelpMessageView.xib in Resources */,
				ED1A93431B43CE48004E6AD4 /* Main.storyboard in Resources */,
				EDFE93441B41821A00E01322 /* PostGameMessageView.xib in Resources */,
				ED575ACE1B9EEAF60093153E /* moving.mp3 in Resources */,
				ED575ACA1B9EEAF60093153E /* delivery.mp3 in Resources */,
				ED575ACC1B9EEAF60093153E /* failure.mp3 in Resources */,
				EDDF0F1D1B417B6100F2D779 /* ErrorMessageView.xib in Resources */,
				ED575AD41B9EEAF60093153E /* win.mp3 in Resources */,
			);
			runOnlyForDeploymentPostprocessing = 0;
		};
/* End PBXResourcesBuildPhase section */

/* Begin PBXShellScriptBuildPhase section */
		228301655C29CD40002A4D48 /* Check Pods Manifest.lock */ = {
			isa = PBXShellScriptBuildPhase;
			buildActionMask = 2147483647;
			files = (
			);
			inputPaths = (
			);
			name = "Check Pods Manifest.lock";
			outputPaths = (
			);
			runOnlyForDeploymentPostprocessing = 0;
			shellPath = /bin/sh;
			shellScript = "diff \"${PODS_ROOT}/../Podfile.lock\" \"${PODS_ROOT}/Manifest.lock\" > /dev/null\nif [[ $? != 0 ]] ; then\n    cat << EOM\nerror: The sandbox is not in sync with the Podfile.lock. Run 'pod install' or update your CocoaPods installation.\nEOM\n    exit 1\nfi\n";
			showEnvVarsInLog = 0;
		};
		6B0A2E8A54BBF6754D40DF7C /* Embed Pods Frameworks */ = {
			isa = PBXShellScriptBuildPhase;
			buildActionMask = 2147483647;
			files = (
			);
			inputPaths = (
			);
			name = "Embed Pods Frameworks";
			outputPaths = (
			);
			runOnlyForDeploymentPostprocessing = 0;
			shellPath = /bin/sh;
			shellScript = "\"${SRCROOT}/Pods/Target Support Files/Pods/Pods-frameworks.sh\"\n";
			showEnvVarsInLog = 0;
		};
		BAA1180D204418E4679A6A4F /* Copy Pods Resources */ = {
			isa = PBXShellScriptBuildPhase;
			buildActionMask = 2147483647;
			files = (
			);
			inputPaths = (
			);
			name = "Copy Pods Resources";
			outputPaths = (
			);
			runOnlyForDeploymentPostprocessing = 0;
			shellPath = /bin/sh;
			shellScript = "\"${SRCROOT}/Pods/Target Support Files/Pods/Pods-resources.sh\"\n";
			showEnvVarsInLog = 0;
		};
		BCA94195FE6DB8B3A167CCB7 /* Embed Pods Frameworks */ = {
			isa = PBXShellScriptBuildPhase;
			buildActionMask = 2147483647;
			files = (
			);
			inputPaths = (
			);
			name = "Embed Pods Frameworks";
			outputPaths = (
			);
			runOnlyForDeploymentPostprocessing = 0;
			shellPath = /bin/sh;
			shellScript = "\"${SRCROOT}/Pods/Target Support Files/Pods-codeforlife-iosTests/Pods-codeforlife-iosTests-frameworks.sh\"\n";
			showEnvVarsInLog = 0;
		};
		CF930301A445C012281422BE /* Check Pods Manifest.lock */ = {
			isa = PBXShellScriptBuildPhase;
			buildActionMask = 2147483647;
			files = (
			);
			inputPaths = (
			);
			name = "Check Pods Manifest.lock";
			outputPaths = (
			);
			runOnlyForDeploymentPostprocessing = 0;
			shellPath = /bin/sh;
			shellScript = "diff \"${PODS_ROOT}/../Podfile.lock\" \"${PODS_ROOT}/Manifest.lock\" > /dev/null\nif [[ $? != 0 ]] ; then\n    cat << EOM\nerror: The sandbox is not in sync with the Podfile.lock. Run 'pod install' or update your CocoaPods installation.\nEOM\n    exit 1\nfi\n";
			showEnvVarsInLog = 0;
		};
		DEE212389A5F6A19A8B06654 /* Copy Pods Resources */ = {
			isa = PBXShellScriptBuildPhase;
			buildActionMask = 2147483647;
			files = (
			);
			inputPaths = (
			);
			name = "Copy Pods Resources";
			outputPaths = (
			);
			runOnlyForDeploymentPostprocessing = 0;
			shellPath = /bin/sh;
			shellScript = "\"${SRCROOT}/Pods/Target Support Files/Pods-codeforlife-iosTests/Pods-codeforlife-iosTests-resources.sh\"\n";
			showEnvVarsInLog = 0;
		};
		ED1484C41BAFF436009C7D4D /* ShellScript */ = {
			isa = PBXShellScriptBuildPhase;
			buildActionMask = 2147483647;
			files = (
			);
			inputPaths = (
			);
			outputPaths = (
			);
			runOnlyForDeploymentPostprocessing = 0;
			shellPath = /bin/sh;
			shellScript = "\"${PODS_ROOT}/Fabric/run\" db7d5f04ba0600628f66aaac323272a1fe5b11a4 9020c8a09f7e2cda06d729e0ee6f679a42ac1dcb36845df89b993f495ad2231f";
		};
/* End PBXShellScriptBuildPhase section */

/* Begin PBXSourcesBuildPhase section */
		ED0BC5871B305D720060FC84 /* Sources */ = {
			isa = PBXSourcesBuildPhase;
			buildActionMask = 2147483647;
			files = (
				ED575AB11B9EEAE50093153E /* GameVanTurnRightCrashAnimation.swift in Sources */,
				19C80BE01C5003FC000DFBA0 /* RoadType.swift in Sources */,
				ED0622401B6256FC0062D3A5 /* LaunchScreenViewController.swift in Sources */,
				ED1A93451B43D046004E6AD4 /* EpisodeViewController.swift in Sources */,
				ED575A891B9EEAE50093153E /* BlocklyHighlightIncorrectAnimation.swift in Sources */,
				19C80BD91C5003FC000DFBA0 /* CFC.swift in Sources */,
				19C80BF41C500416000DFBA0 /* Node.swift in Sources */,
				ED575B201B9EECE70093153E /* LevelBlock.swift in Sources */,
				ED575ABD1B9EEAE50093153E /* OnStopControlsAnimation.swift in Sources */,
				19C80BF11C500416000DFBA0 /* Destination.swift in Sources */,
				EDA47C451B442A1E003356AB /* Configurations.swift in Sources */,
				ED575AAB1B9EEAE50093153E /* GameVanTurnLeftAnimation.swift in Sources */,
				ED575B7F1BA065BC0093153E /* BlocklyViewControllerDelegate.swift in Sources */,
				EDBB66971B3C0A61009020A5 /* BlockTableViewController.swift in Sources */,
				ED575B581B9F375D0093153E /* AnimationFactory.swift in Sources */,
				ED575B181B9EECE70093153E /* CDMap.swift in Sources */,
				19C80BDB1C5003FC000DFBA0 /* House.swift in Sources */,
				19C80BE41C5003FC000DFBA0 /* Tile.swift in Sources */,
				ED575A871B9EEAE50093153E /* BlocklyHighlightAnimation.swift in Sources */,
				ED575B7C1BA0638E0093153E /* MessageViewControllerDelegate.swift in Sources */,
				ED191B2B1B99D51C00E2627A /* ArrayExtension.swift in Sources */,
				ED6F79911B3D7D9200DD2AFE /* DirectDriveButton.swift in Sources */,
				ED575B4E1B9EEE1E0093153E /* GameMenuView.swift in Sources */,
				ED575AA71B9EEAE50093153E /* GameVanStartEngineAnimation.swift in Sources */,
				ED0622A11B634C8B0062D3A5 /* StringExtension.swift in Sources */,
				EDFE933A1B41804900E01322 /* FailMessage.swift in Sources */,
				ED575B1A1B9EECE70093153E /* DecorationType.swift in Sources */,
				ED575AA51B9EEAE50093153E /* GameVanMoveForwardCrashAnimation.swift in Sources */,
				ED6F79941B3D866F00DD2AFE /* Message.swift in Sources */,
				ED6DC3BF1B5FC77B00EB6F22 /* EpisodeNavigationButton.swift in Sources */,
				ED0BC5B31B3062E60060FC84 /* GameViewController.swift in Sources */,
				ED0BC5911B305D720060FC84 /* AppDelegate.swift in Sources */,
				ED575AA31B9EEAE50093153E /* GameVanMoveForwardAnimation.swift in Sources */,
				ED575B241B9EECE70093153E /* ThemeType.swift in Sources */,
				ED1EB06B1B32CF7700A595EF /* LevelTableViewController.swift in Sources */,
				ED575B1E1B9EECE70093153E /* Level.swift in Sources */,
				ED575A831B9EEAE50093153E /* AnimationDelegate.swift in Sources */,
				EDDF0F1F1B417DBC00F2D779 /* ErrorMessageView.swift in Sources */,
				EDBB66991B3C0B34009020A5 /* BlockTableViewCell.swift in Sources */,
				19C80BF51C500416000DFBA0 /* Origin.swift in Sources */,
				EDA47C3F1B442411003356AB /* LevelBackButton.swift in Sources */,
				ED575AA91B9EEAE50093153E /* GameVanStopEngineAnimation.swift in Sources */,
				ED575A9F1B9EEAE50093153E /* GameSoundAnimation.swift in Sources */,
				EDFE934C1B4182E200E01322 /* MessageView.swift in Sources */,
				EDA47C421B442798003356AB /* LevelTableView.swift in Sources */,
				19C80BE21C5003FC000DFBA0 /* TJunction.swift in Sources */,
				19C80BD81C5003FC000DFBA0 /* Van.swift in Sources */,
				19C80BEF1C500416000DFBA0 /* CompassDirection.swift in Sources */,
				ED1A934B1B43D215004E6AD4 /* EpisodeTableViewCell.swift in Sources */,
				19C80BE11C5003FC000DFBA0 /* Straight.swift in Sources */,
				ED575B8B1BA07AD40093153E /* GameViewInteractionHandlerDelegate.swift in Sources */,
				ED575AAF1B9EEAE50093153E /* GameVanTurnRightAnimation.swift in Sources */,
				EDBB66901B3B009C009020A5 /* GameMenuViewController.swift in Sources */,
				ED575AEA1B9EEB110093153E /* LoadLevelsRequest.swift in Sources */,
				19C80BD61C5003FC000DFBA0 /* GameObject.swift in Sources */,
				ED575A7F1B9EEAE50093153E /* GameViewControllerDelegate.swift in Sources */,
				19C80BDD1C5003FC000DFBA0 /* DeadEnd.swift in Sources */,
				EDFE93401B41820A00E01322 /* HelpMessageView.swift in Sources */,
				ED1484C81BB19166009C7D4D /* Config.swift in Sources */,
				ED575A811B9EEAE50093153E /* AnimationHandler.swift in Sources */,
				19C80BDC1C5003FC000DFBA0 /* CrossRoads.swift in Sources */,
				ED06227A1B625B3F0062D3A5 /* codeforlife-ios.xcdatamodeld in Sources */,
				ED575B1C1B9EECE70093153E /* Episode.swift in Sources */,
				ED575AE21B9EEB110093153E /* LoadEpisodesRequest.swift in Sources */,
				ED90B4471B60D6920076B70D /* CGPointExtension.swift in Sources */,
				19C80BD71C5003FC000DFBA0 /* MovableGameObject.swift in Sources */,
				19C80BF01C500416000DFBA0 /* Coordinates.swift in Sources */,
				EDDF0F111B416DD300F2D779 /* PreGameMessageView.swift in Sources */,
				ED1484D51BB1A38D009C7D4D /* CustomBlocklyFactory.swift in Sources */,
				ED575AF41B9EEB110093153E /* RequestDelegate.swift in Sources */,
				ED575AAD1B9EEAE50093153E /* GameVanTurnLeftCrashAnimation.swift in Sources */,
				ED575AE41B9EEB110093153E /* LoadEpisodesRequestMockDelegate.swift in Sources */,
				ED1A932C1B429567004E6AD4 /* GameMapViewController.swift in Sources */,
				19C80BDF1C5003FC000DFBA0 /* Road.swift in Sources */,
				ED5D7E911B9D947A006723B3 /* InteractionHandler.swift in Sources */,
				ED575B791BA05D390093153E /* Animation.swift in Sources */,
				EDC8C1F11B369D3C004B1358 /* GameViewButton.swift in Sources */,
				EDA47C3B1B441E35003356AB /* EpisodeTableView.swift in Sources */,
				ED575AF01B9EEB110093153E /* LoadMapRequestMockDelegate.swift in Sources */,
				EDAEFBAB1B384EE9003398EE /* GameViewInteractionHandler.swift in Sources */,
				ED575B851BA079CE0093153E /* MapSceneDelegate.swift in Sources */,
				ED575B511B9EEE2C0093153E /* LevelTitleLabel.swift in Sources */,
				EDFE93491B41826A00E01322 /* PostGameMessage.swift in Sources */,
				ED575AF21B9EEB110093153E /* Request.swift in Sources */,
				19C80BE31C5003FC000DFBA0 /* Turn.swift in Sources */,
				ED575AB91B9EEAE50093153E /* GameViewPopUpAnimation.swift in Sources */,
				ED5759F41B9EE9DE0093153E /* Constants.swift in Sources */,
				19C80BF31C500416000DFBA0 /* MapScene.swift in Sources */,
				ED575AEE1B9EEB110093153E /* LoadMapRequest.swift in Sources */,
				ED575AA11B9EEAE50093153E /* GameVanDeliverAnimation.swift in Sources */,
				ED575B821BA079B90093153E /* GameMenuViewControllerDelegate.swift in Sources */,
				ED575B161B9EECE70093153E /* BlockType.swift in Sources */,
				ED575B221B9EECE70093153E /* LevelMode.swift in Sources */,
				ED5D7EC21B9DBEAF006723B3 /* LevelTableViewCell.swift in Sources */,
				19C80BF21C500416000DFBA0 /* Direction.swift in Sources */,
				ED6F79971B3D9DF000DD2AFE /* HelpMessage.swift in Sources */,
				ED575B4C1B9EEE1E0093153E /* GameMapView.swift in Sources */,
				ED575AE01B9EEB110093153E /* APIRequestDelegate.swift in Sources */,
				19C80BDE1C5003FC000DFBA0 /* Error.swift in Sources */,
				ED6F798A1B3D565B00DD2AFE /* MessageViewController.swift in Sources */,
				19C80BF61C500416000DFBA0 /* Rotation.swift in Sources */,
				EDFE933D1B4181FF00E01322 /* PostGameMessageView.swift in Sources */,
				ED575AEC1B9EEB110093153E /* LoadLevelsRequestMockDelegate.swift in Sources */,
				EDDF0F151B41783F00F2D779 /* PreGameMessage.swift in Sources */,
				19C80BF71C500416000DFBA0 /* WorldNode.swift in Sources */,
				19C80BDA1C5003FC000DFBA0 /* Decoration.swift in Sources */,
				ED575AE81B9EEB110093153E /* LoadLevelRequestMockDelegate.swift in Sources */,
				ED575AE61B9EEB110093153E /* LoadLevelRequest.swift in Sources */,
			);
			runOnlyForDeploymentPostprocessing = 0;
		};
		ED0BC59C1B305D720060FC84 /* Sources */ = {
			isa = PBXSourcesBuildPhase;
			buildActionMask = 2147483647;
			files = (
				EDBB667F1B3AA18F009020A5 /* GameViewButton.swift in Sources */,
				ED575B9A1BA17B000093153E /* T2EpisodeViewControllerUITests.swift in Sources */,
				ED575B9E1BA184E70093153E /* T4GameViewControllerUITest.swift in Sources */,
				ED575B4F1B9EEE1E0093153E /* GameMenuView.swift in Sources */,
				ED191B2C1B99D55400E2627A /* ArrayExtension.swift in Sources */,
				ED575B9C1BA180260093153E /* T3LevelViewControllerUITests.swift in Sources */,
				ED90B4481B60D6920076B70D /* CGPointExtension.swift in Sources */,
				ED575B911BA089EC0093153E /* KIF+SwiftExtension.swift in Sources */,
				ED4277C51BA2D63200665AB1 /* GameViewContollerUnitTests.swift in Sources */,
				EDBB669C1B3C1181009020A5 /* BlockTableViewCell.swift in Sources */,
				ED6F79921B3D7DD400DD2AFE /* DirectDriveButton.swift in Sources */,
				ED06227B1B625B3F0062D3A5 /* codeforlife-ios.xcdatamodeld in Sources */,
				ED4277C11BA1CC8D00665AB1 /* CoordinatesUnitTests.swift in Sources */,
				EDA47C3C1B441E35003356AB /* EpisodeTableView.swift in Sources */,
				ED575B521B9EEE2C0093153E /* LevelTitleLabel.swift in Sources */,
				ED4277C31BA1D13400665AB1 /* LaunchScreenViewControllerUnitTests.swift in Sources */,
				ED575B981BA17A840093153E /* T1LaunchScreenViewControllerUITests.swift in Sources */,
				ED575B4D1B9EEE1E0093153E /* GameMapView.swift in Sources */,
				ED0622A21B634C8B0062D3A5 /* StringExtension.swift in Sources */,
				EDA47C431B442798003356AB /* LevelTableView.swift in Sources */,
			);
			runOnlyForDeploymentPostprocessing = 0;
		};
/* End PBXSourcesBuildPhase section */

/* Begin PBXTargetDependency section */
		ED0BC5A21B305D720060FC84 /* PBXTargetDependency */ = {
			isa = PBXTargetDependency;
			target = ED0BC58A1B305D720060FC84 /* codeforlife-ios */;
			targetProxy = ED0BC5A11B305D720060FC84 /* PBXContainerItemProxy */;
		};
/* End PBXTargetDependency section */

/* Begin PBXVariantGroup section */
		ED0BC5941B305D720060FC84 /* Main.storyboard */ = {
			isa = PBXVariantGroup;
			children = (
				ED0BC5951B305D720060FC84 /* Base */,
			);
			name = Main.storyboard;
			sourceTree = "<group>";
		};
		ED0BC5991B305D720060FC84 /* LaunchScreen.xib */ = {
			isa = PBXVariantGroup;
			children = (
				ED0BC59A1B305D720060FC84 /* Base */,
			);
			name = LaunchScreen.xib;
			sourceTree = "<group>";
		};
/* End PBXVariantGroup section */

/* Begin XCBuildConfiguration section */
		ED0BC5A81B305D720060FC84 /* Debug */ = {
			isa = XCBuildConfiguration;
			buildSettings = {
				ALWAYS_SEARCH_USER_PATHS = NO;
				CLANG_CXX_LANGUAGE_STANDARD = "gnu++0x";
				CLANG_CXX_LIBRARY = "libc++";
				CLANG_ENABLE_MODULES = YES;
				CLANG_ENABLE_OBJC_ARC = YES;
				CLANG_WARN_BOOL_CONVERSION = YES;
				CLANG_WARN_CONSTANT_CONVERSION = YES;
				CLANG_WARN_DIRECT_OBJC_ISA_USAGE = YES_ERROR;
				CLANG_WARN_EMPTY_BODY = YES;
				CLANG_WARN_ENUM_CONVERSION = YES;
				CLANG_WARN_INT_CONVERSION = YES;
				CLANG_WARN_OBJC_ROOT_CLASS = YES_ERROR;
				CLANG_WARN_UNREACHABLE_CODE = YES;
				CLANG_WARN__DUPLICATE_METHOD_MATCH = YES;
				"CODE_SIGN_IDENTITY[sdk=iphoneos*]" = "iPhone Developer";
				COPY_PHASE_STRIP = NO;
				DEBUG_INFORMATION_FORMAT = "dwarf-with-dsym";
				ENABLE_STRICT_OBJC_MSGSEND = YES;
				ENABLE_TESTABILITY = YES;
				GCC_C_LANGUAGE_STANDARD = gnu99;
				GCC_DYNAMIC_NO_PIC = NO;
				GCC_NO_COMMON_BLOCKS = YES;
				GCC_OPTIMIZATION_LEVEL = 0;
				GCC_PREPROCESSOR_DEFINITIONS = (
					"DEBUG=1",
					"$(inherited)",
				);
				GCC_SYMBOLS_PRIVATE_EXTERN = NO;
				GCC_WARN_64_TO_32_BIT_CONVERSION = YES;
				GCC_WARN_ABOUT_RETURN_TYPE = YES_ERROR;
				GCC_WARN_UNDECLARED_SELECTOR = YES;
				GCC_WARN_UNINITIALIZED_AUTOS = YES_AGGRESSIVE;
				GCC_WARN_UNUSED_FUNCTION = YES;
				GCC_WARN_UNUSED_VARIABLE = YES;
				IPHONEOS_DEPLOYMENT_TARGET = 8.3;
				MTL_ENABLE_DEBUG_INFO = YES;
				ONLY_ACTIVE_ARCH = YES;
				SDKROOT = iphoneos;
				SWIFT_OBJC_BRIDGING_HEADER = "";
				SWIFT_OPTIMIZATION_LEVEL = "-Onone";
				TARGETED_DEVICE_FAMILY = "1,2";
			};
			name = Debug;
		};
		ED0BC5A91B305D720060FC84 /* Release */ = {
			isa = XCBuildConfiguration;
			buildSettings = {
				ALWAYS_SEARCH_USER_PATHS = NO;
				CLANG_CXX_LANGUAGE_STANDARD = "gnu++0x";
				CLANG_CXX_LIBRARY = "libc++";
				CLANG_ENABLE_MODULES = YES;
				CLANG_ENABLE_OBJC_ARC = YES;
				CLANG_WARN_BOOL_CONVERSION = YES;
				CLANG_WARN_CONSTANT_CONVERSION = YES;
				CLANG_WARN_DIRECT_OBJC_ISA_USAGE = YES_ERROR;
				CLANG_WARN_EMPTY_BODY = YES;
				CLANG_WARN_ENUM_CONVERSION = YES;
				CLANG_WARN_INT_CONVERSION = YES;
				CLANG_WARN_OBJC_ROOT_CLASS = YES_ERROR;
				CLANG_WARN_UNREACHABLE_CODE = YES;
				CLANG_WARN__DUPLICATE_METHOD_MATCH = YES;
				"CODE_SIGN_IDENTITY[sdk=iphoneos*]" = "iPhone Developer";
				COPY_PHASE_STRIP = NO;
				DEBUG_INFORMATION_FORMAT = "dwarf-with-dsym";
				ENABLE_NS_ASSERTIONS = NO;
				ENABLE_STRICT_OBJC_MSGSEND = YES;
				GCC_C_LANGUAGE_STANDARD = gnu99;
				GCC_NO_COMMON_BLOCKS = YES;
				GCC_WARN_64_TO_32_BIT_CONVERSION = YES;
				GCC_WARN_ABOUT_RETURN_TYPE = YES_ERROR;
				GCC_WARN_UNDECLARED_SELECTOR = YES;
				GCC_WARN_UNINITIALIZED_AUTOS = YES_AGGRESSIVE;
				GCC_WARN_UNUSED_FUNCTION = YES;
				GCC_WARN_UNUSED_VARIABLE = YES;
				IPHONEOS_DEPLOYMENT_TARGET = 8.3;
				MTL_ENABLE_DEBUG_INFO = NO;
				SDKROOT = iphoneos;
				SWIFT_OBJC_BRIDGING_HEADER = "";
				TARGETED_DEVICE_FAMILY = "1,2";
				VALIDATE_PRODUCT = YES;
			};
			name = Release;
		};
		ED0BC5AB1B305D720060FC84 /* Debug */ = {
			isa = XCBuildConfiguration;
			baseConfigurationReference = D98E0ACB1B0824664611C8C0 /* Pods.debug.xcconfig */;
			buildSettings = {
				ASSETCATALOG_COMPILER_APPICON_NAME = AppIcon;
				CLANG_ENABLE_MODULES = YES;
				CODE_SIGN_IDENTITY = "iPhone Developer";
				"CODE_SIGN_IDENTITY[sdk=iphoneos*]" = "iPhone Developer";
				INFOPLIST_FILE = "codeforlife-ios/Info.plist";
				IPHONEOS_DEPLOYMENT_TARGET = 8.3;
				LD_RUNPATH_SEARCH_PATHS = "$(inherited) @executable_path/Frameworks";
				PRODUCT_BUNDLE_IDENTIFIER = "ocado.$(PRODUCT_NAME:rfc1034identifier)";
				PRODUCT_NAME = "$(TARGET_NAME)";
				PROVISIONING_PROFILE = "";
				SWIFT_OPTIMIZATION_LEVEL = "-Onone";
				TARGETED_DEVICE_FAMILY = 2;
			};
			name = Debug;
		};
		ED0BC5AC1B305D720060FC84 /* Release */ = {
			isa = XCBuildConfiguration;
			baseConfigurationReference = 7A870087E59B342A6EF1BED1 /* Pods.release.xcconfig */;
			buildSettings = {
				ASSETCATALOG_COMPILER_APPICON_NAME = AppIcon;
				CLANG_ENABLE_MODULES = YES;
				CODE_SIGN_IDENTITY = "iPhone Developer";
				"CODE_SIGN_IDENTITY[sdk=iphoneos*]" = "iPhone Developer";
				INFOPLIST_FILE = "codeforlife-ios/Info.plist";
				IPHONEOS_DEPLOYMENT_TARGET = 8.3;
				LD_RUNPATH_SEARCH_PATHS = "$(inherited) @executable_path/Frameworks";
				PRODUCT_BUNDLE_IDENTIFIER = "ocado.$(PRODUCT_NAME:rfc1034identifier)";
				PRODUCT_NAME = "$(TARGET_NAME)";
				PROVISIONING_PROFILE = "";
				TARGETED_DEVICE_FAMILY = 2;
			};
			name = Release;
		};
		ED0BC5AE1B305D720060FC84 /* Debug */ = {
			isa = XCBuildConfiguration;
			baseConfigurationReference = D98E0ACB1B0824664611C8C0 /* Pods.debug.xcconfig */;
			buildSettings = {
				BUNDLE_LOADER = "$(TEST_HOST)";
				FRAMEWORK_SEARCH_PATHS = (
					"$(SDKROOT)/Developer/Library/Frameworks",
					"$(inherited)",
				);
				GCC_PREPROCESSOR_DEFINITIONS = (
					"DEBUG=1",
					"$(inherited)",
				);
				INFOPLIST_FILE = "codeforlife-iosTests/Info.plist";
				LD_RUNPATH_SEARCH_PATHS = "$(inherited) @executable_path/Frameworks @loader_path/Frameworks";
				PRODUCT_BUNDLE_IDENTIFIER = "ocado.$(PRODUCT_NAME:rfc1034identifier)";
				PRODUCT_NAME = "$(TARGET_NAME)";
				SWIFT_OBJC_BRIDGING_HEADER = "codeforlife-ios/codeforlife-ios-Bridging-Header.h";
				TEST_HOST = "$(BUILT_PRODUCTS_DIR)/codeforlife-ios.app/codeforlife-ios";
			};
			name = Debug;
		};
		ED0BC5AF1B305D720060FC84 /* Release */ = {
			isa = XCBuildConfiguration;
			baseConfigurationReference = 7A870087E59B342A6EF1BED1 /* Pods.release.xcconfig */;
			buildSettings = {
				BUNDLE_LOADER = "$(TEST_HOST)";
				FRAMEWORK_SEARCH_PATHS = (
					"$(SDKROOT)/Developer/Library/Frameworks",
					"$(inherited)",
				);
				INFOPLIST_FILE = "codeforlife-iosTests/Info.plist";
				LD_RUNPATH_SEARCH_PATHS = "$(inherited) @executable_path/Frameworks @loader_path/Frameworks";
				PRODUCT_BUNDLE_IDENTIFIER = "ocado.$(PRODUCT_NAME:rfc1034identifier)";
				PRODUCT_NAME = "$(TARGET_NAME)";
				SWIFT_OBJC_BRIDGING_HEADER = "codeforlife-ios/codeforlife-ios-Bridging-Header.h";
				TEST_HOST = "$(BUILT_PRODUCTS_DIR)/codeforlife-ios.app/codeforlife-ios";
			};
			name = Release;
		};
/* End XCBuildConfiguration section */

/* Begin XCConfigurationList section */
		ED0BC5861B305D720060FC84 /* Build configuration list for PBXProject "codeforlife-ios" */ = {
			isa = XCConfigurationList;
			buildConfigurations = (
				ED0BC5A81B305D720060FC84 /* Debug */,
				ED0BC5A91B305D720060FC84 /* Release */,
			);
			defaultConfigurationIsVisible = 0;
			defaultConfigurationName = Release;
		};
		ED0BC5AA1B305D720060FC84 /* Build configuration list for PBXNativeTarget "codeforlife-ios" */ = {
			isa = XCConfigurationList;
			buildConfigurations = (
				ED0BC5AB1B305D720060FC84 /* Debug */,
				ED0BC5AC1B305D720060FC84 /* Release */,
			);
			defaultConfigurationIsVisible = 0;
			defaultConfigurationName = Release;
		};
		ED0BC5AD1B305D720060FC84 /* Build configuration list for PBXNativeTarget "codeforlife-iosTests" */ = {
			isa = XCConfigurationList;
			buildConfigurations = (
				ED0BC5AE1B305D720060FC84 /* Debug */,
				ED0BC5AF1B305D720060FC84 /* Release */,
			);
			defaultConfigurationIsVisible = 0;
			defaultConfigurationName = Release;
		};
/* End XCConfigurationList section */

/* Begin XCVersionGroup section */
		ED0622781B625B3F0062D3A5 /* codeforlife-ios.xcdatamodeld */ = {
			isa = XCVersionGroup;
			children = (
				ED0622791B625B3F0062D3A5 /* codeforlife-ios.xcdatamodel */,
			);
			currentVersion = ED0622791B625B3F0062D3A5 /* codeforlife-ios.xcdatamodel */;
			path = "codeforlife-ios.xcdatamodeld";
			sourceTree = "<group>";
			versionGroupType = wrapper.xcdatamodel;
		};
/* End XCVersionGroup section */
	};
	rootObject = ED0BC5831B305D720060FC84 /* Project object */;
}
